// !$*UTF8*$!
{
	archiveVersion = 1;
	classes = {
	};
	objectVersion = 56;
	objects = {

/* Begin PBXBuildFile section */
		3756A8CE2B220C8E00A5ECA6 /* LocationUseCaseProtocol.swift in Sources */ = {isa = PBXBuildFile; fileRef = 3756A8CD2B220C8E00A5ECA6 /* LocationUseCaseProtocol.swift */; };
		3756A8D02B220E5700A5ECA6 /* LocationSearchRepositoryProtocol.swift in Sources */ = {isa = PBXBuildFile; fileRef = 3756A8CF2B220E5700A5ECA6 /* LocationSearchRepositoryProtocol.swift */; };
		3756A8D22B220F1700A5ECA6 /* LocationSearchDatasourceProtocol.swift in Sources */ = {isa = PBXBuildFile; fileRef = 3756A8D12B220F1700A5ECA6 /* LocationSearchDatasourceProtocol.swift */; };
		6E03518A2B2ADEC600E2EB0F /* AlarmNameSettingVC.swift in Sources */ = {isa = PBXBuildFile; fileRef = 6E0351892B2ADEC600E2EB0F /* AlarmNameSettingVC.swift */; };
		6E03518C2B2ADEDF00E2EB0F /* AlarmNameSettingVM.swift in Sources */ = {isa = PBXBuildFile; fileRef = 6E03518B2B2ADEDF00E2EB0F /* AlarmNameSettingVM.swift */; };
		6E0351902B2BE1F700E2EB0F /* GradientView.swift in Sources */ = {isa = PBXBuildFile; fileRef = 6E03518F2B2BE1F700E2EB0F /* GradientView.swift */; };
		6E1727682B2812DB00BCF666 /* AlarmListVC.swift in Sources */ = {isa = PBXBuildFile; fileRef = 6E1727672B2812DB00BCF666 /* AlarmListVC.swift */; };
		6E17276B2B28131400BCF666 /* AlarmListVM.swift in Sources */ = {isa = PBXBuildFile; fileRef = 6E17276A2B28131400BCF666 /* AlarmListVM.swift */; };
		6E17276F2B28166600BCF666 /* BaseTabBarController.swift in Sources */ = {isa = PBXBuildFile; fileRef = 6E17276E2B28166600BCF666 /* BaseTabBarController.swift */; };
		6E1727752B28173000BCF666 /* AppSettingVC.swift in Sources */ = {isa = PBXBuildFile; fileRef = 6E1727742B28173000BCF666 /* AppSettingVC.swift */; };
		6E1727772B28175A00BCF666 /* AppSettingVM.swift in Sources */ = {isa = PBXBuildFile; fileRef = 6E1727762B28175A00BCF666 /* AppSettingVM.swift */; };
		6E1727792B282B4700BCF666 /* AlarmTableCell.swift in Sources */ = {isa = PBXBuildFile; fileRef = 6E1727782B282B4700BCF666 /* AlarmTableCell.swift */; };
		6E67C8142B283B82007F5121 /* MarkingWeekView.swift in Sources */ = {isa = PBXBuildFile; fileRef = 6E67C8132B283B82007F5121 /* MarkingWeekView.swift */; };
		6E693E132B22E9BE00B82F1F /* ConfirmBottomSheetVC.swift in Sources */ = {isa = PBXBuildFile; fileRef = 6E693E122B22E9BE00B82F1F /* ConfirmBottomSheetVC.swift */; };
		6E693E152B22EF2E00B82F1F /* BottomSheetView.swift in Sources */ = {isa = PBXBuildFile; fileRef = 6E693E142B22EF2E00B82F1F /* BottomSheetView.swift */; };
		6E693E172B22FE2800B82F1F /* ConfirmBottomSheetVM.swift in Sources */ = {isa = PBXBuildFile; fileRef = 6E693E162B22FE2800B82F1F /* ConfirmBottomSheetVM.swift */; };
		6E693E192B269C2900B82F1F /* DestinationSettingVC.swift in Sources */ = {isa = PBXBuildFile; fileRef = 6E693E182B269C2900B82F1F /* DestinationSettingVC.swift */; };
		6E693E1B2B269C5100B82F1F /* DestinationSettingVM.swift in Sources */ = {isa = PBXBuildFile; fileRef = 6E693E1A2B269C5100B82F1F /* DestinationSettingVM.swift */; };
		6E693E1D2B26BD4800B82F1F /* ArrivalTimeSettingVC.swift in Sources */ = {isa = PBXBuildFile; fileRef = 6E693E1C2B26BD4800B82F1F /* ArrivalTimeSettingVC.swift */; };
		6E693E1F2B26BD6300B82F1F /* ArrivalTimeSettingVM.swift in Sources */ = {isa = PBXBuildFile; fileRef = 6E693E1E2B26BD6300B82F1F /* ArrivalTimeSettingVM.swift */; };
		6E693E212B26C4EA00B82F1F /* DateFormatterService.swift in Sources */ = {isa = PBXBuildFile; fileRef = 6E693E202B26C4EA00B82F1F /* DateFormatterService.swift */; };
		6E693E232B26F98E00B82F1F /* InitialSettingsPageVC.swift in Sources */ = {isa = PBXBuildFile; fileRef = 6E693E222B26F98E00B82F1F /* InitialSettingsPageVC.swift */; };
		6E693E252B27020C00B82F1F /* InitialSettingsPageVM.swift in Sources */ = {isa = PBXBuildFile; fileRef = 6E693E242B27020C00B82F1F /* InitialSettingsPageVM.swift */; };
		6E758C542B1DC615008C3DDC /* AppDelegate.swift in Sources */ = {isa = PBXBuildFile; fileRef = 6E758C532B1DC615008C3DDC /* AppDelegate.swift */; };
		6E758C562B1DC615008C3DDC /* SceneDelegate.swift in Sources */ = {isa = PBXBuildFile; fileRef = 6E758C552B1DC615008C3DDC /* SceneDelegate.swift */; };
		6E758C5E2B1DC615008C3DDC /* LetsGo.xcdatamodeld in Sources */ = {isa = PBXBuildFile; fileRef = 6E758C5C2B1DC615008C3DDC /* LetsGo.xcdatamodeld */; };
		6E758C602B1DC616008C3DDC /* Assets.xcassets in Resources */ = {isa = PBXBuildFile; fileRef = 6E758C5F2B1DC616008C3DDC /* Assets.xcassets */; };
		6E758C632B1DC616008C3DDC /* LaunchScreen.storyboard in Resources */ = {isa = PBXBuildFile; fileRef = 6E758C612B1DC616008C3DDC /* LaunchScreen.storyboard */; };
		6E758C6E2B1DC616008C3DDC /* LetsGoTests.swift in Sources */ = {isa = PBXBuildFile; fileRef = 6E758C6D2B1DC616008C3DDC /* LetsGoTests.swift */; };
		6E758C782B1DC616008C3DDC /* LetsGoUITests.swift in Sources */ = {isa = PBXBuildFile; fileRef = 6E758C772B1DC616008C3DDC /* LetsGoUITests.swift */; };
		6E758C7A2B1DC616008C3DDC /* LetsGoUITestsLaunchTests.swift in Sources */ = {isa = PBXBuildFile; fileRef = 6E758C792B1DC616008C3DDC /* LetsGoUITestsLaunchTests.swift */; };
		6E758CAB2B1F0894008C3DDC /* SnapKit in Frameworks */ = {isa = PBXBuildFile; productRef = 6E758CAA2B1F0894008C3DDC /* SnapKit */; };
		6E758CAE2B1F08B9008C3DDC /* RxCocoa in Frameworks */ = {isa = PBXBuildFile; productRef = 6E758CAD2B1F08B9008C3DDC /* RxCocoa */; };
		6E758CB02B1F08B9008C3DDC /* RxRelay in Frameworks */ = {isa = PBXBuildFile; productRef = 6E758CAF2B1F08B9008C3DDC /* RxRelay */; };
		6E758CB22B1F08B9008C3DDC /* RxSwift in Frameworks */ = {isa = PBXBuildFile; productRef = 6E758CB12B1F08B9008C3DDC /* RxSwift */; };
		6E758CBA2B1F0A92008C3DDC /* OnboardingViewController.swift in Sources */ = {isa = PBXBuildFile; fileRef = 6E758CB92B1F0A92008C3DDC /* OnboardingViewController.swift */; };
		6E758CBC2B1F0A9B008C3DDC /* OnboardingViewModel.swift in Sources */ = {isa = PBXBuildFile; fileRef = 6E758CBB2B1F0A9B008C3DDC /* OnboardingViewModel.swift */; };
		6E758CC12B1F0ACF008C3DDC /* TransportationSettingVC.swift in Sources */ = {isa = PBXBuildFile; fileRef = 6E758CC02B1F0ACF008C3DDC /* TransportationSettingVC.swift */; };
		6E758CC42B1F0AE0008C3DDC /* TransportationSettingVM.swift in Sources */ = {isa = PBXBuildFile; fileRef = 6E758CC32B1F0AE0008C3DDC /* TransportationSettingVM.swift */; };
		6E758CC92B1FFDB2008C3DDC /* SelectButton.swift in Sources */ = {isa = PBXBuildFile; fileRef = 6E758CC82B1FFDB2008C3DDC /* SelectButton.swift */; };
		6E758CCD2B2001E7008C3DDC /* UIColor+Ext.swift in Sources */ = {isa = PBXBuildFile; fileRef = 6E758CCC2B2001E7008C3DDC /* UIColor+Ext.swift */; };
		6E758CD42B200317008C3DDC /* ThemeColor.swift in Sources */ = {isa = PBXBuildFile; fileRef = 6E758CD32B200317008C3DDC /* ThemeColor.swift */; };
		6E758CD62B2008CC008C3DDC /* ThemeFont.swift in Sources */ = {isa = PBXBuildFile; fileRef = 6E758CD52B2008CC008C3DDC /* ThemeFont.swift */; };
		6E758CD82B200954008C3DDC /* UIView+Ext.swift in Sources */ = {isa = PBXBuildFile; fileRef = 6E758CD72B200954008C3DDC /* UIView+Ext.swift */; };
		6E758CDB2B200AD4008C3DDC /* LabelFactory.swift in Sources */ = {isa = PBXBuildFile; fileRef = 6E758CDA2B200AD4008C3DDC /* LabelFactory.swift */; };
		6E758CDF2B2034E4008C3DDC /* FixedAlarm.swift in Sources */ = {isa = PBXBuildFile; fileRef = 6E758CDE2B2034E4008C3DDC /* FixedAlarm.swift */; };
		6E758CE12B2034EF008C3DDC /* UnFixedAlarm.swift in Sources */ = {isa = PBXBuildFile; fileRef = 6E758CE02B2034EF008C3DDC /* UnFixedAlarm.swift */; };
		6E758CE42B20376A008C3DDC /* Common.swift in Sources */ = {isa = PBXBuildFile; fileRef = 6E758CE32B20376A008C3DDC /* Common.swift */; };
		6E758CE62B2052D5008C3DDC /* DayOfWeekSettingVC.swift in Sources */ = {isa = PBXBuildFile; fileRef = 6E758CE52B2052D5008C3DDC /* DayOfWeekSettingVC.swift */; };
		6E758CE82B205788008C3DDC /* DayOfWeekSettingVM.swift in Sources */ = {isa = PBXBuildFile; fileRef = 6E758CE72B205788008C3DDC /* DayOfWeekSettingVM.swift */; };
		6E758CEA2B2150A0008C3DDC /* DepartureSettingVC.swift in Sources */ = {isa = PBXBuildFile; fileRef = 6E758CE92B2150A0008C3DDC /* DepartureSettingVC.swift */; };
		6E758CEC2B2150BA008C3DDC /* DepartureSettingVM.swift in Sources */ = {isa = PBXBuildFile; fileRef = 6E758CEB2B2150BA008C3DDC /* DepartureSettingVM.swift */; };
		6E758CEE2B215246008C3DDC /* SettingTextField.swift in Sources */ = {isa = PBXBuildFile; fileRef = 6E758CED2B215246008C3DDC /* SettingTextField.swift */; };
		6E758CF12B216428008C3DDC /* LocationService.swift in Sources */ = {isa = PBXBuildFile; fileRef = 6E758CF02B216428008C3DDC /* LocationService.swift */; };
		6E758CF82B216AD4008C3DDC /* LocationSearchDatasource.swift in Sources */ = {isa = PBXBuildFile; fileRef = 6E758CF72B216AD4008C3DDC /* LocationSearchDatasource.swift */; };
		6E758CFA2B2179F1008C3DDC /* LocationSearchRepository.swift in Sources */ = {isa = PBXBuildFile; fileRef = 6E758CF92B2179F1008C3DDC /* LocationSearchRepository.swift */; };
		6E758CFC2B217AC6008C3DDC /* LocationUseCase.swift in Sources */ = {isa = PBXBuildFile; fileRef = 6E758CFB2B217AC6008C3DDC /* LocationUseCase.swift */; };
		6E758CFE2B218D23008C3DDC /* SearchedLocationWithKeywordDTO.swift in Sources */ = {isa = PBXBuildFile; fileRef = 6E758CFD2B218D23008C3DDC /* SearchedLocationWithKeywordDTO.swift */; };
		6E758D002B218F32008C3DDC /* Location.swift in Sources */ = {isa = PBXBuildFile; fileRef = 6E758CFF2B218F32008C3DDC /* Location.swift */; };
		6E758D022B219121008C3DDC /* URLSessionService.swift in Sources */ = {isa = PBXBuildFile; fileRef = 6E758D012B219121008C3DDC /* URLSessionService.swift */; };
		6E758D052B219191008C3DDC /* Network.swift in Sources */ = {isa = PBXBuildFile; fileRef = 6E758D042B219191008C3DDC /* Network.swift */; };
		6E758D072B21A80B008C3DDC /* LocationCell.swift in Sources */ = {isa = PBXBuildFile; fileRef = 6E758D062B21A80B008C3DDC /* LocationCell.swift */; };
		6E758D092B21ABCF008C3DDC /* SearchTypeButtonView.swift in Sources */ = {isa = PBXBuildFile; fileRef = 6E758D082B21ABCF008C3DDC /* SearchTypeButtonView.swift */; };
		6E758D0B2B21B7A5008C3DDC /* SearchedLocationWithAddressDTO.swift in Sources */ = {isa = PBXBuildFile; fileRef = 6E758D0A2B21B7A5008C3DDC /* SearchedLocationWithAddressDTO.swift */; };
		6E758D0D2B22B9B5008C3DDC /* LocationCellInfoView.swift in Sources */ = {isa = PBXBuildFile; fileRef = 6E758D0C2B22B9B5008C3DDC /* LocationCellInfoView.swift */; };
		6E758D102B22BA47008C3DDC /* LocationCellBadgeView.swift in Sources */ = {isa = PBXBuildFile; fileRef = 6E758D0F2B22BA47008C3DDC /* LocationCellBadgeView.swift */; };
		6EAC34C92B2C1B0800BC471E /* LoginVC.swift in Sources */ = {isa = PBXBuildFile; fileRef = 6EAC34C82B2C1B0800BC471E /* LoginVC.swift */; };
		6EAC34CB2B2C1B7D00BC471E /* UITextField+Ext.swift in Sources */ = {isa = PBXBuildFile; fileRef = 6EAC34CA2B2C1B7D00BC471E /* UITextField+Ext.swift */; };
		6EAC34D02B2C1C4400BC471E /* JGProgressHUD in Frameworks */ = {isa = PBXBuildFile; productRef = 6EAC34CF2B2C1C4400BC471E /* JGProgressHUD */; };
		6EAC34D22B2C1C7C00BC471E /* GoogleButton.swift in Sources */ = {isa = PBXBuildFile; fileRef = 6EAC34D12B2C1C7C00BC471E /* GoogleButton.swift */; };
		6EAC34D42B2C1CD800BC471E /* UIImage+Ext.swift in Sources */ = {isa = PBXBuildFile; fileRef = 6EAC34D32B2C1CD800BC471E /* UIImage+Ext.swift */; };
		6EAC34D62B2C1CF600BC471E /* LoginVM.swift in Sources */ = {isa = PBXBuildFile; fileRef = 6EAC34D52B2C1CF600BC471E /* LoginVM.swift */; };
		6EAC34D92B2C1D2200BC471E /* GoogleSignIn in Frameworks */ = {isa = PBXBuildFile; productRef = 6EAC34D82B2C1D2200BC471E /* GoogleSignIn */; };
		6EAC34DB2B2C1D2200BC471E /* GoogleSignInSwift in Frameworks */ = {isa = PBXBuildFile; productRef = 6EAC34DA2B2C1D2200BC471E /* GoogleSignInSwift */; };
		6EAC34DE2B2C1D9600BC471E /* FirebaseAnalytics in Frameworks */ = {isa = PBXBuildFile; productRef = 6EAC34DD2B2C1D9600BC471E /* FirebaseAnalytics */; };
		6EAC34E02B2C1D9600BC471E /* FirebaseAuth in Frameworks */ = {isa = PBXBuildFile; productRef = 6EAC34DF2B2C1D9600BC471E /* FirebaseAuth */; };
		6EAC34E22B2C1D9600BC471E /* FirebaseDatabase in Frameworks */ = {isa = PBXBuildFile; productRef = 6EAC34E12B2C1D9600BC471E /* FirebaseDatabase */; };
		6EAC34E42B2C1D9600BC471E /* FirebaseDatabaseSwift in Frameworks */ = {isa = PBXBuildFile; productRef = 6EAC34E32B2C1D9600BC471E /* FirebaseDatabaseSwift */; };
		6EAC34E62B2C1D9600BC471E /* FirebaseFirestore in Frameworks */ = {isa = PBXBuildFile; productRef = 6EAC34E52B2C1D9600BC471E /* FirebaseFirestore */; };
		6EAC34E82B2C1D9600BC471E /* FirebaseFirestoreSwift in Frameworks */ = {isa = PBXBuildFile; productRef = 6EAC34E72B2C1D9600BC471E /* FirebaseFirestoreSwift */; };
		6EAC34EA2B2C1D9600BC471E /* FirebaseMessaging in Frameworks */ = {isa = PBXBuildFile; productRef = 6EAC34E92B2C1D9600BC471E /* FirebaseMessaging */; };
		6EAC34EC2B2C1D9600BC471E /* FirebaseStorage in Frameworks */ = {isa = PBXBuildFile; productRef = 6EAC34EB2B2C1D9600BC471E /* FirebaseStorage */; };
		6EAC34F02B2C248200BC471E /* AuthService.swift in Sources */ = {isa = PBXBuildFile; fileRef = 6EAC34ED2B2C248100BC471E /* AuthService.swift */; };
		6EAC34F12B2C248200BC471E /* AppleService.swift in Sources */ = {isa = PBXBuildFile; fileRef = 6EAC34EE2B2C248100BC471E /* AppleService.swift */; };
		6EAC34F22B2C248200BC471E /* GoogleService.swift in Sources */ = {isa = PBXBuildFile; fileRef = 6EAC34EF2B2C248100BC471E /* GoogleService.swift */; };
		6EAC34F72B2C26A800BC471E /* GoogleService-Info.plist in Resources */ = {isa = PBXBuildFile; fileRef = 6EAC34F62B2C26A800BC471E /* GoogleService-Info.plist */; };
		6EAC34F92B2C289C00BC471E /* AppleAuthButton+Rx.swift in Sources */ = {isa = PBXBuildFile; fileRef = 6EAC34F82B2C289C00BC471E /* AppleAuthButton+Rx.swift */; };
		6EF6B72E2B2A9EE30016F342 /* ComposeAlarmVC.swift in Sources */ = {isa = PBXBuildFile; fileRef = 6EF6B72D2B2A9EE30016F342 /* ComposeAlarmVC.swift */; };
		6EF6B7302B2A9F180016F342 /* ComposeAlarmVM.swift in Sources */ = {isa = PBXBuildFile; fileRef = 6EF6B72F2B2A9F180016F342 /* ComposeAlarmVM.swift */; };
		6EF6B7332B2ABEDC0016F342 /* Test.swift in Sources */ = {isa = PBXBuildFile; fileRef = 6EF6B7322B2ABEDC0016F342 /* Test.swift */; };
/* End PBXBuildFile section */

/* Begin PBXContainerItemProxy section */
		6E758C6A2B1DC616008C3DDC /* PBXContainerItemProxy */ = {
			isa = PBXContainerItemProxy;
			containerPortal = 6E758C482B1DC615008C3DDC /* Project object */;
			proxyType = 1;
			remoteGlobalIDString = 6E758C4F2B1DC615008C3DDC;
			remoteInfo = LetsGo;
		};
		6E758C742B1DC616008C3DDC /* PBXContainerItemProxy */ = {
			isa = PBXContainerItemProxy;
			containerPortal = 6E758C482B1DC615008C3DDC /* Project object */;
			proxyType = 1;
			remoteGlobalIDString = 6E758C4F2B1DC615008C3DDC;
			remoteInfo = LetsGo;
		};
/* End PBXContainerItemProxy section */

/* Begin PBXFileReference section */
		3756A8CD2B220C8E00A5ECA6 /* LocationUseCaseProtocol.swift */ = {isa = PBXFileReference; lastKnownFileType = sourcecode.swift; path = LocationUseCaseProtocol.swift; sourceTree = "<group>"; };
		3756A8CF2B220E5700A5ECA6 /* LocationSearchRepositoryProtocol.swift */ = {isa = PBXFileReference; lastKnownFileType = sourcecode.swift; path = LocationSearchRepositoryProtocol.swift; sourceTree = "<group>"; };
		3756A8D12B220F1700A5ECA6 /* LocationSearchDatasourceProtocol.swift */ = {isa = PBXFileReference; lastKnownFileType = sourcecode.swift; path = LocationSearchDatasourceProtocol.swift; sourceTree = "<group>"; };
		6E0351892B2ADEC600E2EB0F /* AlarmNameSettingVC.swift */ = {isa = PBXFileReference; lastKnownFileType = sourcecode.swift; path = AlarmNameSettingVC.swift; sourceTree = "<group>"; };
		6E03518B2B2ADEDF00E2EB0F /* AlarmNameSettingVM.swift */ = {isa = PBXFileReference; lastKnownFileType = sourcecode.swift; path = AlarmNameSettingVM.swift; sourceTree = "<group>"; };
		6E03518F2B2BE1F700E2EB0F /* GradientView.swift */ = {isa = PBXFileReference; lastKnownFileType = sourcecode.swift; path = GradientView.swift; sourceTree = "<group>"; };
		6E1727672B2812DB00BCF666 /* AlarmListVC.swift */ = {isa = PBXFileReference; lastKnownFileType = sourcecode.swift; path = AlarmListVC.swift; sourceTree = "<group>"; };
		6E17276A2B28131400BCF666 /* AlarmListVM.swift */ = {isa = PBXFileReference; lastKnownFileType = sourcecode.swift; path = AlarmListVM.swift; sourceTree = "<group>"; };
		6E17276E2B28166600BCF666 /* BaseTabBarController.swift */ = {isa = PBXFileReference; lastKnownFileType = sourcecode.swift; path = BaseTabBarController.swift; sourceTree = "<group>"; };
		6E1727742B28173000BCF666 /* AppSettingVC.swift */ = {isa = PBXFileReference; lastKnownFileType = sourcecode.swift; path = AppSettingVC.swift; sourceTree = "<group>"; };
		6E1727762B28175A00BCF666 /* AppSettingVM.swift */ = {isa = PBXFileReference; lastKnownFileType = sourcecode.swift; path = AppSettingVM.swift; sourceTree = "<group>"; };
		6E1727782B282B4700BCF666 /* AlarmTableCell.swift */ = {isa = PBXFileReference; lastKnownFileType = sourcecode.swift; path = AlarmTableCell.swift; sourceTree = "<group>"; };
		6E67C8132B283B82007F5121 /* MarkingWeekView.swift */ = {isa = PBXFileReference; lastKnownFileType = sourcecode.swift; path = MarkingWeekView.swift; sourceTree = "<group>"; };
		6E693E122B22E9BE00B82F1F /* ConfirmBottomSheetVC.swift */ = {isa = PBXFileReference; lastKnownFileType = sourcecode.swift; path = ConfirmBottomSheetVC.swift; sourceTree = "<group>"; };
		6E693E142B22EF2E00B82F1F /* BottomSheetView.swift */ = {isa = PBXFileReference; lastKnownFileType = sourcecode.swift; path = BottomSheetView.swift; sourceTree = "<group>"; };
		6E693E162B22FE2800B82F1F /* ConfirmBottomSheetVM.swift */ = {isa = PBXFileReference; lastKnownFileType = sourcecode.swift; path = ConfirmBottomSheetVM.swift; sourceTree = "<group>"; };
		6E693E182B269C2900B82F1F /* DestinationSettingVC.swift */ = {isa = PBXFileReference; lastKnownFileType = sourcecode.swift; path = DestinationSettingVC.swift; sourceTree = "<group>"; };
		6E693E1A2B269C5100B82F1F /* DestinationSettingVM.swift */ = {isa = PBXFileReference; lastKnownFileType = sourcecode.swift; path = DestinationSettingVM.swift; sourceTree = "<group>"; };
		6E693E1C2B26BD4800B82F1F /* ArrivalTimeSettingVC.swift */ = {isa = PBXFileReference; lastKnownFileType = sourcecode.swift; path = ArrivalTimeSettingVC.swift; sourceTree = "<group>"; };
		6E693E1E2B26BD6300B82F1F /* ArrivalTimeSettingVM.swift */ = {isa = PBXFileReference; lastKnownFileType = sourcecode.swift; path = ArrivalTimeSettingVM.swift; sourceTree = "<group>"; };
		6E693E202B26C4EA00B82F1F /* DateFormatterService.swift */ = {isa = PBXFileReference; lastKnownFileType = sourcecode.swift; path = DateFormatterService.swift; sourceTree = "<group>"; };
		6E693E222B26F98E00B82F1F /* InitialSettingsPageVC.swift */ = {isa = PBXFileReference; lastKnownFileType = sourcecode.swift; path = InitialSettingsPageVC.swift; sourceTree = "<group>"; };
		6E693E242B27020C00B82F1F /* InitialSettingsPageVM.swift */ = {isa = PBXFileReference; lastKnownFileType = sourcecode.swift; path = InitialSettingsPageVM.swift; sourceTree = "<group>"; };
		6E758C502B1DC615008C3DDC /* LetsGo.app */ = {isa = PBXFileReference; explicitFileType = wrapper.application; includeInIndex = 0; path = LetsGo.app; sourceTree = BUILT_PRODUCTS_DIR; };
		6E758C532B1DC615008C3DDC /* AppDelegate.swift */ = {isa = PBXFileReference; lastKnownFileType = sourcecode.swift; path = AppDelegate.swift; sourceTree = "<group>"; };
		6E758C552B1DC615008C3DDC /* SceneDelegate.swift */ = {isa = PBXFileReference; lastKnownFileType = sourcecode.swift; path = SceneDelegate.swift; sourceTree = "<group>"; };
		6E758C5D2B1DC615008C3DDC /* LetsGo.xcdatamodel */ = {isa = PBXFileReference; lastKnownFileType = wrapper.xcdatamodel; path = LetsGo.xcdatamodel; sourceTree = "<group>"; };
		6E758C5F2B1DC616008C3DDC /* Assets.xcassets */ = {isa = PBXFileReference; lastKnownFileType = folder.assetcatalog; path = Assets.xcassets; sourceTree = "<group>"; };
		6E758C622B1DC616008C3DDC /* Base */ = {isa = PBXFileReference; lastKnownFileType = file.storyboard; name = Base; path = Base.lproj/LaunchScreen.storyboard; sourceTree = "<group>"; };
		6E758C642B1DC616008C3DDC /* Info.plist */ = {isa = PBXFileReference; lastKnownFileType = text.plist.xml; path = Info.plist; sourceTree = "<group>"; };
		6E758C692B1DC616008C3DDC /* LetsGoTests.xctest */ = {isa = PBXFileReference; explicitFileType = wrapper.cfbundle; includeInIndex = 0; path = LetsGoTests.xctest; sourceTree = BUILT_PRODUCTS_DIR; };
		6E758C6D2B1DC616008C3DDC /* LetsGoTests.swift */ = {isa = PBXFileReference; lastKnownFileType = sourcecode.swift; path = LetsGoTests.swift; sourceTree = "<group>"; };
		6E758C732B1DC616008C3DDC /* LetsGoUITests.xctest */ = {isa = PBXFileReference; explicitFileType = wrapper.cfbundle; includeInIndex = 0; path = LetsGoUITests.xctest; sourceTree = BUILT_PRODUCTS_DIR; };
		6E758C772B1DC616008C3DDC /* LetsGoUITests.swift */ = {isa = PBXFileReference; lastKnownFileType = sourcecode.swift; path = LetsGoUITests.swift; sourceTree = "<group>"; };
		6E758C792B1DC616008C3DDC /* LetsGoUITestsLaunchTests.swift */ = {isa = PBXFileReference; lastKnownFileType = sourcecode.swift; path = LetsGoUITestsLaunchTests.swift; sourceTree = "<group>"; };
		6E758CB92B1F0A92008C3DDC /* OnboardingViewController.swift */ = {isa = PBXFileReference; lastKnownFileType = sourcecode.swift; path = OnboardingViewController.swift; sourceTree = "<group>"; };
		6E758CBB2B1F0A9B008C3DDC /* OnboardingViewModel.swift */ = {isa = PBXFileReference; lastKnownFileType = sourcecode.swift; path = OnboardingViewModel.swift; sourceTree = "<group>"; };
		6E758CC02B1F0ACF008C3DDC /* TransportationSettingVC.swift */ = {isa = PBXFileReference; lastKnownFileType = sourcecode.swift; path = TransportationSettingVC.swift; sourceTree = "<group>"; };
		6E758CC32B1F0AE0008C3DDC /* TransportationSettingVM.swift */ = {isa = PBXFileReference; lastKnownFileType = sourcecode.swift; path = TransportationSettingVM.swift; sourceTree = "<group>"; };
		6E758CC82B1FFDB2008C3DDC /* SelectButton.swift */ = {isa = PBXFileReference; lastKnownFileType = sourcecode.swift; path = SelectButton.swift; sourceTree = "<group>"; };
		6E758CCC2B2001E7008C3DDC /* UIColor+Ext.swift */ = {isa = PBXFileReference; lastKnownFileType = sourcecode.swift; path = "UIColor+Ext.swift"; sourceTree = "<group>"; };
		6E758CD32B200317008C3DDC /* ThemeColor.swift */ = {isa = PBXFileReference; lastKnownFileType = sourcecode.swift; path = ThemeColor.swift; sourceTree = "<group>"; };
		6E758CD52B2008CC008C3DDC /* ThemeFont.swift */ = {isa = PBXFileReference; lastKnownFileType = sourcecode.swift; path = ThemeFont.swift; sourceTree = "<group>"; };
		6E758CD72B200954008C3DDC /* UIView+Ext.swift */ = {isa = PBXFileReference; lastKnownFileType = sourcecode.swift; path = "UIView+Ext.swift"; sourceTree = "<group>"; };
		6E758CDA2B200AD4008C3DDC /* LabelFactory.swift */ = {isa = PBXFileReference; lastKnownFileType = sourcecode.swift; path = LabelFactory.swift; sourceTree = "<group>"; };
		6E758CDE2B2034E4008C3DDC /* FixedAlarm.swift */ = {isa = PBXFileReference; lastKnownFileType = sourcecode.swift; path = FixedAlarm.swift; sourceTree = "<group>"; };
		6E758CE02B2034EF008C3DDC /* UnFixedAlarm.swift */ = {isa = PBXFileReference; lastKnownFileType = sourcecode.swift; path = UnFixedAlarm.swift; sourceTree = "<group>"; };
		6E758CE32B20376A008C3DDC /* Common.swift */ = {isa = PBXFileReference; lastKnownFileType = sourcecode.swift; path = Common.swift; sourceTree = "<group>"; };
		6E758CE52B2052D5008C3DDC /* DayOfWeekSettingVC.swift */ = {isa = PBXFileReference; lastKnownFileType = sourcecode.swift; path = DayOfWeekSettingVC.swift; sourceTree = "<group>"; };
		6E758CE72B205788008C3DDC /* DayOfWeekSettingVM.swift */ = {isa = PBXFileReference; lastKnownFileType = sourcecode.swift; path = DayOfWeekSettingVM.swift; sourceTree = "<group>"; };
		6E758CE92B2150A0008C3DDC /* DepartureSettingVC.swift */ = {isa = PBXFileReference; lastKnownFileType = sourcecode.swift; path = DepartureSettingVC.swift; sourceTree = "<group>"; };
		6E758CEB2B2150BA008C3DDC /* DepartureSettingVM.swift */ = {isa = PBXFileReference; lastKnownFileType = sourcecode.swift; path = DepartureSettingVM.swift; sourceTree = "<group>"; };
		6E758CED2B215246008C3DDC /* SettingTextField.swift */ = {isa = PBXFileReference; lastKnownFileType = sourcecode.swift; path = SettingTextField.swift; sourceTree = "<group>"; };
		6E758CF02B216428008C3DDC /* LocationService.swift */ = {isa = PBXFileReference; lastKnownFileType = sourcecode.swift; path = LocationService.swift; sourceTree = "<group>"; };
		6E758CF72B216AD4008C3DDC /* LocationSearchDatasource.swift */ = {isa = PBXFileReference; lastKnownFileType = sourcecode.swift; path = LocationSearchDatasource.swift; sourceTree = "<group>"; };
		6E758CF92B2179F1008C3DDC /* LocationSearchRepository.swift */ = {isa = PBXFileReference; lastKnownFileType = sourcecode.swift; path = LocationSearchRepository.swift; sourceTree = "<group>"; };
		6E758CFB2B217AC6008C3DDC /* LocationUseCase.swift */ = {isa = PBXFileReference; lastKnownFileType = sourcecode.swift; path = LocationUseCase.swift; sourceTree = "<group>"; };
		6E758CFD2B218D23008C3DDC /* SearchedLocationWithKeywordDTO.swift */ = {isa = PBXFileReference; lastKnownFileType = sourcecode.swift; path = SearchedLocationWithKeywordDTO.swift; sourceTree = "<group>"; };
		6E758CFF2B218F32008C3DDC /* Location.swift */ = {isa = PBXFileReference; lastKnownFileType = sourcecode.swift; path = Location.swift; sourceTree = "<group>"; };
		6E758D012B219121008C3DDC /* URLSessionService.swift */ = {isa = PBXFileReference; lastKnownFileType = sourcecode.swift; path = URLSessionService.swift; sourceTree = "<group>"; };
		6E758D042B219191008C3DDC /* Network.swift */ = {isa = PBXFileReference; lastKnownFileType = sourcecode.swift; path = Network.swift; sourceTree = "<group>"; };
		6E758D062B21A80B008C3DDC /* LocationCell.swift */ = {isa = PBXFileReference; lastKnownFileType = sourcecode.swift; path = LocationCell.swift; sourceTree = "<group>"; };
		6E758D082B21ABCF008C3DDC /* SearchTypeButtonView.swift */ = {isa = PBXFileReference; lastKnownFileType = sourcecode.swift; path = SearchTypeButtonView.swift; sourceTree = "<group>"; };
		6E758D0A2B21B7A5008C3DDC /* SearchedLocationWithAddressDTO.swift */ = {isa = PBXFileReference; lastKnownFileType = sourcecode.swift; path = SearchedLocationWithAddressDTO.swift; sourceTree = "<group>"; };
		6E758D0C2B22B9B5008C3DDC /* LocationCellInfoView.swift */ = {isa = PBXFileReference; lastKnownFileType = sourcecode.swift; path = LocationCellInfoView.swift; sourceTree = "<group>"; };
		6E758D0F2B22BA47008C3DDC /* LocationCellBadgeView.swift */ = {isa = PBXFileReference; lastKnownFileType = sourcecode.swift; path = LocationCellBadgeView.swift; sourceTree = "<group>"; };
		6EAC34C82B2C1B0800BC471E /* LoginVC.swift */ = {isa = PBXFileReference; lastKnownFileType = sourcecode.swift; path = LoginVC.swift; sourceTree = "<group>"; };
		6EAC34CA2B2C1B7D00BC471E /* UITextField+Ext.swift */ = {isa = PBXFileReference; lastKnownFileType = sourcecode.swift; path = "UITextField+Ext.swift"; sourceTree = "<group>"; };
		6EAC34D12B2C1C7C00BC471E /* GoogleButton.swift */ = {isa = PBXFileReference; lastKnownFileType = sourcecode.swift; path = GoogleButton.swift; sourceTree = "<group>"; };
		6EAC34D32B2C1CD800BC471E /* UIImage+Ext.swift */ = {isa = PBXFileReference; lastKnownFileType = sourcecode.swift; path = "UIImage+Ext.swift"; sourceTree = "<group>"; };
		6EAC34D52B2C1CF600BC471E /* LoginVM.swift */ = {isa = PBXFileReference; lastKnownFileType = sourcecode.swift; path = LoginVM.swift; sourceTree = "<group>"; };
		6EAC34ED2B2C248100BC471E /* AuthService.swift */ = {isa = PBXFileReference; fileEncoding = 4; lastKnownFileType = sourcecode.swift; path = AuthService.swift; sourceTree = "<group>"; };
		6EAC34EE2B2C248100BC471E /* AppleService.swift */ = {isa = PBXFileReference; fileEncoding = 4; lastKnownFileType = sourcecode.swift; path = AppleService.swift; sourceTree = "<group>"; };
		6EAC34EF2B2C248100BC471E /* GoogleService.swift */ = {isa = PBXFileReference; fileEncoding = 4; lastKnownFileType = sourcecode.swift; path = GoogleService.swift; sourceTree = "<group>"; };
		6EAC34F32B2C24A400BC471E /* LetsGo.entitlements */ = {isa = PBXFileReference; lastKnownFileType = text.plist.entitlements; path = LetsGo.entitlements; sourceTree = "<group>"; };
		6EAC34F62B2C26A800BC471E /* GoogleService-Info.plist */ = {isa = PBXFileReference; fileEncoding = 4; lastKnownFileType = text.plist.xml; path = "GoogleService-Info.plist"; sourceTree = "<group>"; };
		6EAC34F82B2C289C00BC471E /* AppleAuthButton+Rx.swift */ = {isa = PBXFileReference; lastKnownFileType = sourcecode.swift; path = "AppleAuthButton+Rx.swift"; sourceTree = "<group>"; };
		6EF6B72D2B2A9EE30016F342 /* ComposeAlarmVC.swift */ = {isa = PBXFileReference; lastKnownFileType = sourcecode.swift; path = ComposeAlarmVC.swift; sourceTree = "<group>"; };
		6EF6B72F2B2A9F180016F342 /* ComposeAlarmVM.swift */ = {isa = PBXFileReference; lastKnownFileType = sourcecode.swift; path = ComposeAlarmVM.swift; sourceTree = "<group>"; };
		6EF6B7322B2ABEDC0016F342 /* Test.swift */ = {isa = PBXFileReference; lastKnownFileType = sourcecode.swift; path = Test.swift; sourceTree = "<group>"; };
/* End PBXFileReference section */

/* Begin PBXFrameworksBuildPhase section */
		6E758C4D2B1DC615008C3DDC /* Frameworks */ = {
			isa = PBXFrameworksBuildPhase;
			buildActionMask = 2147483647;
			files = (
				6EAC34E22B2C1D9600BC471E /* FirebaseDatabase in Frameworks */,
				6E758CB02B1F08B9008C3DDC /* RxRelay in Frameworks */,
				6EAC34EA2B2C1D9600BC471E /* FirebaseMessaging in Frameworks */,
				6E758CAE2B1F08B9008C3DDC /* RxCocoa in Frameworks */,
				6EAC34DE2B2C1D9600BC471E /* FirebaseAnalytics in Frameworks */,
				6EAC34DB2B2C1D2200BC471E /* GoogleSignInSwift in Frameworks */,
				6EAC34E62B2C1D9600BC471E /* FirebaseFirestore in Frameworks */,
				6EAC34E02B2C1D9600BC471E /* FirebaseAuth in Frameworks */,
				6EAC34EC2B2C1D9600BC471E /* FirebaseStorage in Frameworks */,
				6EAC34E82B2C1D9600BC471E /* FirebaseFirestoreSwift in Frameworks */,
				6E758CB22B1F08B9008C3DDC /* RxSwift in Frameworks */,
				6E758CAB2B1F0894008C3DDC /* SnapKit in Frameworks */,
				6EAC34E42B2C1D9600BC471E /* FirebaseDatabaseSwift in Frameworks */,
				6EAC34D02B2C1C4400BC471E /* JGProgressHUD in Frameworks */,
				6EAC34D92B2C1D2200BC471E /* GoogleSignIn in Frameworks */,
			);
			runOnlyForDeploymentPostprocessing = 0;
		};
		6E758C662B1DC616008C3DDC /* Frameworks */ = {
			isa = PBXFrameworksBuildPhase;
			buildActionMask = 2147483647;
			files = (
			);
			runOnlyForDeploymentPostprocessing = 0;
		};
		6E758C702B1DC616008C3DDC /* Frameworks */ = {
			isa = PBXFrameworksBuildPhase;
			buildActionMask = 2147483647;
			files = (
			);
			runOnlyForDeploymentPostprocessing = 0;
		};
/* End PBXFrameworksBuildPhase section */

/* Begin PBXGroup section */
		3756A8CA2B220C6000A5ECA6 /* Protocol */ = {
			isa = PBXGroup;
			children = (
				3756A8CD2B220C8E00A5ECA6 /* LocationUseCaseProtocol.swift */,
			);
			path = Protocol;
			sourceTree = "<group>";
		};
		3756A8CB2B220C7100A5ECA6 /* Protocol */ = {
			isa = PBXGroup;
			children = (
				3756A8CF2B220E5700A5ECA6 /* LocationSearchRepositoryProtocol.swift */,
			);
			path = Protocol;
			sourceTree = "<group>";
		};
		3756A8CC2B220C7600A5ECA6 /* Protocol */ = {
			isa = PBXGroup;
			children = (
				3756A8D12B220F1700A5ECA6 /* LocationSearchDatasourceProtocol.swift */,
			);
			path = Protocol;
			sourceTree = "<group>";
		};
		6E1727632B2812AF00BCF666 /* AlarmList */ = {
			isa = PBXGroup;
			children = (
				6E1727662B2812D300BCF666 /* ViewModel */,
				6E1727652B2812CE00BCF666 /* ViewController */,
				6E1727642B2812CB00BCF666 /* View */,
			);
			path = AlarmList;
			sourceTree = "<group>";
		};
		6E1727642B2812CB00BCF666 /* View */ = {
			isa = PBXGroup;
			children = (
				6E1727782B282B4700BCF666 /* AlarmTableCell.swift */,
				6E67C8132B283B82007F5121 /* MarkingWeekView.swift */,
			);
			path = View;
			sourceTree = "<group>";
		};
		6E1727652B2812CE00BCF666 /* ViewController */ = {
			isa = PBXGroup;
			children = (
				6E1727672B2812DB00BCF666 /* AlarmListVC.swift */,
			);
			path = ViewController;
			sourceTree = "<group>";
		};
		6E1727662B2812D300BCF666 /* ViewModel */ = {
			isa = PBXGroup;
			children = (
				6E17276A2B28131400BCF666 /* AlarmListVM.swift */,
			);
			path = ViewModel;
			sourceTree = "<group>";
		};
		6E17276C2B28164A00BCF666 /* Common */ = {
			isa = PBXGroup;
			children = (
				6E17276E2B28166600BCF666 /* BaseTabBarController.swift */,
				6E03518F2B2BE1F700E2EB0F /* GradientView.swift */,
			);
			path = Common;
			sourceTree = "<group>";
		};
		6E1727702B28171900BCF666 /* AppSetting */ = {
			isa = PBXGroup;
			children = (
				6E1727732B28172500BCF666 /* View */,
				6E1727722B28172200BCF666 /* ViewModel */,
				6E1727712B28171F00BCF666 /* ViewController */,
			);
			path = AppSetting;
			sourceTree = "<group>";
		};
		6E1727712B28171F00BCF666 /* ViewController */ = {
			isa = PBXGroup;
			children = (
				6E1727742B28173000BCF666 /* AppSettingVC.swift */,
			);
			path = ViewController;
			sourceTree = "<group>";
		};
		6E1727722B28172200BCF666 /* ViewModel */ = {
			isa = PBXGroup;
			children = (
				6E1727762B28175A00BCF666 /* AppSettingVM.swift */,
			);
			path = ViewModel;
			sourceTree = "<group>";
		};
		6E1727732B28172500BCF666 /* View */ = {
			isa = PBXGroup;
			children = (
			);
			path = View;
			sourceTree = "<group>";
		};
		6E758C472B1DC615008C3DDC = {
			isa = PBXGroup;
			children = (
				6E758C522B1DC615008C3DDC /* LetsGo */,
				6E758C6C2B1DC616008C3DDC /* LetsGoTests */,
				6E758C762B1DC616008C3DDC /* LetsGoUITests */,
				6E758C512B1DC615008C3DDC /* Products */,
			);
			sourceTree = "<group>";
		};
		6E758C512B1DC615008C3DDC /* Products */ = {
			isa = PBXGroup;
			children = (
				6E758C502B1DC615008C3DDC /* LetsGo.app */,
				6E758C692B1DC616008C3DDC /* LetsGoTests.xctest */,
				6E758C732B1DC616008C3DDC /* LetsGoUITests.xctest */,
			);
			name = Products;
			sourceTree = "<group>";
		};
		6E758C522B1DC615008C3DDC /* LetsGo */ = {
			isa = PBXGroup;
			children = (
				6EAC34F62B2C26A800BC471E /* GoogleService-Info.plist */,
				6EAC34F32B2C24A400BC471E /* LetsGo.entitlements */,
				6E758CCA2B2001D7008C3DDC /* Util */,
				6E758CB52B1F096A008C3DDC /* Data */,
				6E758CB42B1F0967008C3DDC /* Domain */,
				6E758CB32B1F0940008C3DDC /* Presentation */,
				6E758C862B1DC61A008C3DDC /* App */,
			);
			path = LetsGo;
			sourceTree = "<group>";
		};
		6E758C6C2B1DC616008C3DDC /* LetsGoTests */ = {
			isa = PBXGroup;
			children = (
				6E758C6D2B1DC616008C3DDC /* LetsGoTests.swift */,
			);
			path = LetsGoTests;
			sourceTree = "<group>";
		};
		6E758C762B1DC616008C3DDC /* LetsGoUITests */ = {
			isa = PBXGroup;
			children = (
				6E758C772B1DC616008C3DDC /* LetsGoUITests.swift */,
				6E758C792B1DC616008C3DDC /* LetsGoUITestsLaunchTests.swift */,
			);
			path = LetsGoUITests;
			sourceTree = "<group>";
		};
		6E758C862B1DC61A008C3DDC /* App */ = {
			isa = PBXGroup;
			children = (
				6E758C5F2B1DC616008C3DDC /* Assets.xcassets */,
				6E758C612B1DC616008C3DDC /* LaunchScreen.storyboard */,
				6E758C642B1DC616008C3DDC /* Info.plist */,
				6E758C5C2B1DC615008C3DDC /* LetsGo.xcdatamodeld */,
				6E758C532B1DC615008C3DDC /* AppDelegate.swift */,
				6E758C552B1DC615008C3DDC /* SceneDelegate.swift */,
			);
			path = App;
			sourceTree = "<group>";
		};
		6E758CB32B1F0940008C3DDC /* Presentation */ = {
			isa = PBXGroup;
			children = (
				6EAC34C42B2C1AEB00BC471E /* Auth */,
				6EF6B7292B2A9EC90016F342 /* ComposeAlarm */,
				6E1727702B28171900BCF666 /* AppSetting */,
				6E17276C2B28164A00BCF666 /* Common */,
				6E1727632B2812AF00BCF666 /* AlarmList */,
				6E758CBD2B1F0A9F008C3DDC /* InitialSetting */,
				6E758CB62B1F097F008C3DDC /* Onboarding */,
			);
			path = Presentation;
			sourceTree = "<group>";
		};
		6E758CB42B1F0967008C3DDC /* Domain */ = {
			isa = PBXGroup;
			children = (
				6E758CF62B216AB2008C3DDC /* Repository */,
				6E758CDD2B203319008C3DDC /* Entity */,
				6E758CDC2B203315008C3DDC /* UseCase */,
			);
			path = Domain;
			sourceTree = "<group>";
		};
		6E758CB52B1F096A008C3DDC /* Data */ = {
			isa = PBXGroup;
			children = (
				6E758CF52B216A01008C3DDC /* DataSource */,
				6E758CF42B2169FE008C3DDC /* Mapping */,
			);
			path = Data;
			sourceTree = "<group>";
		};
		6E758CB62B1F097F008C3DDC /* Onboarding */ = {
			isa = PBXGroup;
			children = (
				6E758CB82B1F09CC008C3DDC /* ViewModel */,
				6E758CB72B1F09BA008C3DDC /* ViewController */,
			);
			path = Onboarding;
			sourceTree = "<group>";
		};
		6E758CB72B1F09BA008C3DDC /* ViewController */ = {
			isa = PBXGroup;
			children = (
				6E758CB92B1F0A92008C3DDC /* OnboardingViewController.swift */,
			);
			path = ViewController;
			sourceTree = "<group>";
		};
		6E758CB82B1F09CC008C3DDC /* ViewModel */ = {
			isa = PBXGroup;
			children = (
				6E758CBB2B1F0A9B008C3DDC /* OnboardingViewModel.swift */,
			);
			path = ViewModel;
			sourceTree = "<group>";
		};
		6E758CBD2B1F0A9F008C3DDC /* InitialSetting */ = {
			isa = PBXGroup;
			children = (
				6E758CC72B1FFD9D008C3DDC /* View */,
				6E758CBF2B1F0ABD008C3DDC /* ViewModel */,
				6E758CBE2B1F0ABA008C3DDC /* ViewController */,
			);
			path = InitialSetting;
			sourceTree = "<group>";
		};
		6E758CBE2B1F0ABA008C3DDC /* ViewController */ = {
			isa = PBXGroup;
			children = (
				6E758CC02B1F0ACF008C3DDC /* TransportationSettingVC.swift */,
				6E758CE52B2052D5008C3DDC /* DayOfWeekSettingVC.swift */,
				6E758CE92B2150A0008C3DDC /* DepartureSettingVC.swift */,
				6E693E122B22E9BE00B82F1F /* ConfirmBottomSheetVC.swift */,
				6E693E182B269C2900B82F1F /* DestinationSettingVC.swift */,
				6E693E1C2B26BD4800B82F1F /* ArrivalTimeSettingVC.swift */,
				6E693E222B26F98E00B82F1F /* InitialSettingsPageVC.swift */,
				6E0351892B2ADEC600E2EB0F /* AlarmNameSettingVC.swift */,
			);
			path = ViewController;
			sourceTree = "<group>";
		};
		6E758CBF2B1F0ABD008C3DDC /* ViewModel */ = {
			isa = PBXGroup;
			children = (
				6E758CC32B1F0AE0008C3DDC /* TransportationSettingVM.swift */,
				6E758CE72B205788008C3DDC /* DayOfWeekSettingVM.swift */,
				6E758CEB2B2150BA008C3DDC /* DepartureSettingVM.swift */,
				6E693E162B22FE2800B82F1F /* ConfirmBottomSheetVM.swift */,
				6E693E1A2B269C5100B82F1F /* DestinationSettingVM.swift */,
				6E693E1E2B26BD6300B82F1F /* ArrivalTimeSettingVM.swift */,
				6E693E242B27020C00B82F1F /* InitialSettingsPageVM.swift */,
				6E03518B2B2ADEDF00E2EB0F /* AlarmNameSettingVM.swift */,
			);
			path = ViewModel;
			sourceTree = "<group>";
		};
		6E758CC72B1FFD9D008C3DDC /* View */ = {
			isa = PBXGroup;
			children = (
				6E758CC82B1FFDB2008C3DDC /* SelectButton.swift */,
				6E758CED2B215246008C3DDC /* SettingTextField.swift */,
				6E758D062B21A80B008C3DDC /* LocationCell.swift */,
				6E758D082B21ABCF008C3DDC /* SearchTypeButtonView.swift */,
				6E758D0C2B22B9B5008C3DDC /* LocationCellInfoView.swift */,
				6E758D0F2B22BA47008C3DDC /* LocationCellBadgeView.swift */,
				6E693E142B22EF2E00B82F1F /* BottomSheetView.swift */,
			);
			path = View;
			sourceTree = "<group>";
		};
		6E758CCA2B2001D7008C3DDC /* Util */ = {
			isa = PBXGroup;
			children = (
				6E758D032B219180008C3DDC /* Constant */,
				6E758CEF2B21641E008C3DDC /* Service */,
				6E758CD92B200AC7008C3DDC /* Factory */,
				6E758CD22B20030B008C3DDC /* Color */,
				6E758CCF2B2002C8008C3DDC /* Font */,
				6E758CCB2B2001DC008C3DDC /* Extension */,
			);
			path = Util;
			sourceTree = "<group>";
		};
		6E758CCB2B2001DC008C3DDC /* Extension */ = {
			isa = PBXGroup;
			children = (
				6E758CCC2B2001E7008C3DDC /* UIColor+Ext.swift */,
				6E758CD72B200954008C3DDC /* UIView+Ext.swift */,
				6EAC34CA2B2C1B7D00BC471E /* UITextField+Ext.swift */,
				6EAC34D32B2C1CD800BC471E /* UIImage+Ext.swift */,
				6EAC34F82B2C289C00BC471E /* AppleAuthButton+Rx.swift */,
			);
			path = Extension;
			sourceTree = "<group>";
		};
		6E758CCF2B2002C8008C3DDC /* Font */ = {
			isa = PBXGroup;
			children = (
				6E758CD52B2008CC008C3DDC /* ThemeFont.swift */,
			);
			path = Font;
			sourceTree = "<group>";
		};
		6E758CD22B20030B008C3DDC /* Color */ = {
			isa = PBXGroup;
			children = (
				6E758CD32B200317008C3DDC /* ThemeColor.swift */,
			);
			path = Color;
			sourceTree = "<group>";
		};
		6E758CD92B200AC7008C3DDC /* Factory */ = {
			isa = PBXGroup;
			children = (
				6E758CDA2B200AD4008C3DDC /* LabelFactory.swift */,
			);
			path = Factory;
			sourceTree = "<group>";
		};
		6E758CDC2B203315008C3DDC /* UseCase */ = {
			isa = PBXGroup;
			children = (
				3756A8CA2B220C6000A5ECA6 /* Protocol */,
				6E758CFB2B217AC6008C3DDC /* LocationUseCase.swift */,
			);
			path = UseCase;
			sourceTree = "<group>";
		};
		6E758CDD2B203319008C3DDC /* Entity */ = {
			isa = PBXGroup;
			children = (
				6E758CE22B203751008C3DDC /* Common */,
				6E758CDE2B2034E4008C3DDC /* FixedAlarm.swift */,
				6E758CE02B2034EF008C3DDC /* UnFixedAlarm.swift */,
				6E758CFF2B218F32008C3DDC /* Location.swift */,
			);
			path = Entity;
			sourceTree = "<group>";
		};
		6E758CE22B203751008C3DDC /* Common */ = {
			isa = PBXGroup;
			children = (
				6E758CE32B20376A008C3DDC /* Common.swift */,
			);
			path = Common;
			sourceTree = "<group>";
		};
		6E758CEF2B21641E008C3DDC /* Service */ = {
			isa = PBXGroup;
			children = (
				6EAC34EE2B2C248100BC471E /* AppleService.swift */,
				6EAC34ED2B2C248100BC471E /* AuthService.swift */,
				6EAC34EF2B2C248100BC471E /* GoogleService.swift */,
				6E758CF02B216428008C3DDC /* LocationService.swift */,
				6E758D012B219121008C3DDC /* URLSessionService.swift */,
				6E693E202B26C4EA00B82F1F /* DateFormatterService.swift */,
			);
			path = Service;
			sourceTree = "<group>";
		};
		6E758CF42B2169FE008C3DDC /* Mapping */ = {
			isa = PBXGroup;
			children = (
				6E758CFD2B218D23008C3DDC /* SearchedLocationWithKeywordDTO.swift */,
				6E758D0A2B21B7A5008C3DDC /* SearchedLocationWithAddressDTO.swift */,
			);
			path = Mapping;
			sourceTree = "<group>";
		};
		6E758CF52B216A01008C3DDC /* DataSource */ = {
			isa = PBXGroup;
			children = (
				3756A8CC2B220C7600A5ECA6 /* Protocol */,
				6E758CF72B216AD4008C3DDC /* LocationSearchDatasource.swift */,
			);
			path = DataSource;
			sourceTree = "<group>";
		};
		6E758CF62B216AB2008C3DDC /* Repository */ = {
			isa = PBXGroup;
			children = (
				3756A8CB2B220C7100A5ECA6 /* Protocol */,
				6E758CF92B2179F1008C3DDC /* LocationSearchRepository.swift */,
			);
			path = Repository;
			sourceTree = "<group>";
		};
		6E758D032B219180008C3DDC /* Constant */ = {
			isa = PBXGroup;
			children = (
				6E758D042B219191008C3DDC /* Network.swift */,
				6EF6B7322B2ABEDC0016F342 /* Test.swift */,
			);
			path = Constant;
			sourceTree = "<group>";
		};
		6EAC34C42B2C1AEB00BC471E /* Auth */ = {
			isa = PBXGroup;
			children = (
				6EAC34C72B2C1AF500BC471E /* View */,
				6EAC34C62B2C1AF200BC471E /* ViewModel */,
				6EAC34C52B2C1AEE00BC471E /* ViewController */,
			);
			path = Auth;
			sourceTree = "<group>";
		};
		6EAC34C52B2C1AEE00BC471E /* ViewController */ = {
			isa = PBXGroup;
			children = (
				6EAC34C82B2C1B0800BC471E /* LoginVC.swift */,
			);
			path = ViewController;
			sourceTree = "<group>";
		};
		6EAC34C62B2C1AF200BC471E /* ViewModel */ = {
			isa = PBXGroup;
			children = (
				6EAC34D52B2C1CF600BC471E /* LoginVM.swift */,
			);
			path = ViewModel;
			sourceTree = "<group>";
		};
		6EAC34C72B2C1AF500BC471E /* View */ = {
			isa = PBXGroup;
			children = (
				6EAC34D12B2C1C7C00BC471E /* GoogleButton.swift */,
			);
			path = View;
			sourceTree = "<group>";
		};
		6EF6B7292B2A9EC90016F342 /* ComposeAlarm */ = {
			isa = PBXGroup;
			children = (
				6EF6B72C2B2A9ED70016F342 /* View */,
				6EF6B72B2B2A9ED50016F342 /* ViewModel */,
				6EF6B72A2B2A9ECE0016F342 /* ViewController */,
			);
			path = ComposeAlarm;
			sourceTree = "<group>";
		};
		6EF6B72A2B2A9ECE0016F342 /* ViewController */ = {
			isa = PBXGroup;
			children = (
				6EF6B72D2B2A9EE30016F342 /* ComposeAlarmVC.swift */,
			);
			path = ViewController;
			sourceTree = "<group>";
		};
		6EF6B72B2B2A9ED50016F342 /* ViewModel */ = {
			isa = PBXGroup;
			children = (
				6EF6B72F2B2A9F180016F342 /* ComposeAlarmVM.swift */,
			);
			path = ViewModel;
			sourceTree = "<group>";
		};
		6EF6B72C2B2A9ED70016F342 /* View */ = {
			isa = PBXGroup;
			children = (
			);
			path = View;
			sourceTree = "<group>";
		};
/* End PBXGroup section */

/* Begin PBXNativeTarget section */
		6E758C4F2B1DC615008C3DDC /* LetsGo */ = {
			isa = PBXNativeTarget;
			buildConfigurationList = 6E758C7D2B1DC616008C3DDC /* Build configuration list for PBXNativeTarget "LetsGo" */;
			buildPhases = (
				6E758C4C2B1DC615008C3DDC /* Sources */,
				6E758C4D2B1DC615008C3DDC /* Frameworks */,
				6E758C4E2B1DC615008C3DDC /* Resources */,
			);
			buildRules = (
			);
			dependencies = (
			);
			name = LetsGo;
			packageProductDependencies = (
				6E758CAA2B1F0894008C3DDC /* SnapKit */,
				6E758CAD2B1F08B9008C3DDC /* RxCocoa */,
				6E758CAF2B1F08B9008C3DDC /* RxRelay */,
				6E758CB12B1F08B9008C3DDC /* RxSwift */,
				6EAC34CF2B2C1C4400BC471E /* JGProgressHUD */,
				6EAC34D82B2C1D2200BC471E /* GoogleSignIn */,
				6EAC34DA2B2C1D2200BC471E /* GoogleSignInSwift */,
				6EAC34DD2B2C1D9600BC471E /* FirebaseAnalytics */,
				6EAC34DF2B2C1D9600BC471E /* FirebaseAuth */,
				6EAC34E12B2C1D9600BC471E /* FirebaseDatabase */,
				6EAC34E32B2C1D9600BC471E /* FirebaseDatabaseSwift */,
				6EAC34E52B2C1D9600BC471E /* FirebaseFirestore */,
				6EAC34E72B2C1D9600BC471E /* FirebaseFirestoreSwift */,
				6EAC34E92B2C1D9600BC471E /* FirebaseMessaging */,
				6EAC34EB2B2C1D9600BC471E /* FirebaseStorage */,
			);
			productName = LetsGo;
			productReference = 6E758C502B1DC615008C3DDC /* LetsGo.app */;
			productType = "com.apple.product-type.application";
		};
		6E758C682B1DC616008C3DDC /* LetsGoTests */ = {
			isa = PBXNativeTarget;
			buildConfigurationList = 6E758C802B1DC616008C3DDC /* Build configuration list for PBXNativeTarget "LetsGoTests" */;
			buildPhases = (
				6E758C652B1DC616008C3DDC /* Sources */,
				6E758C662B1DC616008C3DDC /* Frameworks */,
				6E758C672B1DC616008C3DDC /* Resources */,
			);
			buildRules = (
			);
			dependencies = (
				6E758C6B2B1DC616008C3DDC /* PBXTargetDependency */,
			);
			name = LetsGoTests;
			productName = LetsGoTests;
			productReference = 6E758C692B1DC616008C3DDC /* LetsGoTests.xctest */;
			productType = "com.apple.product-type.bundle.unit-test";
		};
		6E758C722B1DC616008C3DDC /* LetsGoUITests */ = {
			isa = PBXNativeTarget;
			buildConfigurationList = 6E758C832B1DC616008C3DDC /* Build configuration list for PBXNativeTarget "LetsGoUITests" */;
			buildPhases = (
				6E758C6F2B1DC616008C3DDC /* Sources */,
				6E758C702B1DC616008C3DDC /* Frameworks */,
				6E758C712B1DC616008C3DDC /* Resources */,
			);
			buildRules = (
			);
			dependencies = (
				6E758C752B1DC616008C3DDC /* PBXTargetDependency */,
			);
			name = LetsGoUITests;
			productName = LetsGoUITests;
			productReference = 6E758C732B1DC616008C3DDC /* LetsGoUITests.xctest */;
			productType = "com.apple.product-type.bundle.ui-testing";
		};
/* End PBXNativeTarget section */

/* Begin PBXProject section */
		6E758C482B1DC615008C3DDC /* Project object */ = {
			isa = PBXProject;
			attributes = {
				BuildIndependentTargetsInParallel = 1;
				LastSwiftUpdateCheck = 1500;
				LastUpgradeCheck = 1500;
				TargetAttributes = {
					6E758C4F2B1DC615008C3DDC = {
						CreatedOnToolsVersion = 15.0.1;
					};
					6E758C682B1DC616008C3DDC = {
						CreatedOnToolsVersion = 15.0.1;
						TestTargetID = 6E758C4F2B1DC615008C3DDC;
					};
					6E758C722B1DC616008C3DDC = {
						CreatedOnToolsVersion = 15.0.1;
						TestTargetID = 6E758C4F2B1DC615008C3DDC;
					};
				};
			};
			buildConfigurationList = 6E758C4B2B1DC615008C3DDC /* Build configuration list for PBXProject "LetsGo" */;
			compatibilityVersion = "Xcode 14.0";
			developmentRegion = en;
			hasScannedForEncodings = 0;
			knownRegions = (
				en,
				Base,
			);
			mainGroup = 6E758C472B1DC615008C3DDC;
			packageReferences = (
				6E758CA92B1F0894008C3DDC /* XCRemoteSwiftPackageReference "SnapKit" */,
				6E758CAC2B1F08B9008C3DDC /* XCRemoteSwiftPackageReference "RxSwift" */,
				6EAC34CE2B2C1C4400BC471E /* XCRemoteSwiftPackageReference "JGProgressHUD" */,
				6EAC34D72B2C1D2200BC471E /* XCRemoteSwiftPackageReference "GoogleSignIn-iOS" */,
				6EAC34DC2B2C1D9600BC471E /* XCRemoteSwiftPackageReference "firebase-ios-sdk" */,
			);
			productRefGroup = 6E758C512B1DC615008C3DDC /* Products */;
			projectDirPath = "";
			projectRoot = "";
			targets = (
				6E758C4F2B1DC615008C3DDC /* LetsGo */,
				6E758C682B1DC616008C3DDC /* LetsGoTests */,
				6E758C722B1DC616008C3DDC /* LetsGoUITests */,
			);
		};
/* End PBXProject section */

/* Begin PBXResourcesBuildPhase section */
		6E758C4E2B1DC615008C3DDC /* Resources */ = {
			isa = PBXResourcesBuildPhase;
			buildActionMask = 2147483647;
			files = (
				6EAC34F72B2C26A800BC471E /* GoogleService-Info.plist in Resources */,
				6E758C632B1DC616008C3DDC /* LaunchScreen.storyboard in Resources */,
				6E758C602B1DC616008C3DDC /* Assets.xcassets in Resources */,
			);
			runOnlyForDeploymentPostprocessing = 0;
		};
		6E758C672B1DC616008C3DDC /* Resources */ = {
			isa = PBXResourcesBuildPhase;
			buildActionMask = 2147483647;
			files = (
			);
			runOnlyForDeploymentPostprocessing = 0;
		};
		6E758C712B1DC616008C3DDC /* Resources */ = {
			isa = PBXResourcesBuildPhase;
			buildActionMask = 2147483647;
			files = (
			);
			runOnlyForDeploymentPostprocessing = 0;
		};
/* End PBXResourcesBuildPhase section */

/* Begin PBXSourcesBuildPhase section */
		6E758C4C2B1DC615008C3DDC /* Sources */ = {
			isa = PBXSourcesBuildPhase;
			buildActionMask = 2147483647;
			files = (
				6E758D0B2B21B7A5008C3DDC /* SearchedLocationWithAddressDTO.swift in Sources */,
				6E758CE42B20376A008C3DDC /* Common.swift in Sources */,
				6E0351902B2BE1F700E2EB0F /* GradientView.swift in Sources */,
				6E693E192B269C2900B82F1F /* DestinationSettingVC.swift in Sources */,
				6E693E232B26F98E00B82F1F /* InitialSettingsPageVC.swift in Sources */,
				6EAC34CB2B2C1B7D00BC471E /* UITextField+Ext.swift in Sources */,
				6EAC34D22B2C1C7C00BC471E /* GoogleButton.swift in Sources */,
				6E758D092B21ABCF008C3DDC /* SearchTypeButtonView.swift in Sources */,
				6E1727792B282B4700BCF666 /* AlarmTableCell.swift in Sources */,
				6E03518A2B2ADEC600E2EB0F /* AlarmNameSettingVC.swift in Sources */,
				6E758CD62B2008CC008C3DDC /* ThemeFont.swift in Sources */,
				6E758CC92B1FFDB2008C3DDC /* SelectButton.swift in Sources */,
				6E758CBC2B1F0A9B008C3DDC /* OnboardingViewModel.swift in Sources */,
				6EAC34F02B2C248200BC471E /* AuthService.swift in Sources */,
				6E693E132B22E9BE00B82F1F /* ConfirmBottomSheetVC.swift in Sources */,
				6E693E1B2B269C5100B82F1F /* DestinationSettingVM.swift in Sources */,
				6E758CDB2B200AD4008C3DDC /* LabelFactory.swift in Sources */,
				6E03518C2B2ADEDF00E2EB0F /* AlarmNameSettingVM.swift in Sources */,
				6E693E152B22EF2E00B82F1F /* BottomSheetView.swift in Sources */,
				6EF6B7302B2A9F180016F342 /* ComposeAlarmVM.swift in Sources */,
				6E758CFE2B218D23008C3DDC /* SearchedLocationWithKeywordDTO.swift in Sources */,
				6EF6B72E2B2A9EE30016F342 /* ComposeAlarmVC.swift in Sources */,
				6E758D072B21A80B008C3DDC /* LocationCell.swift in Sources */,
				6E758CD42B200317008C3DDC /* ThemeColor.swift in Sources */,
				6E758CF12B216428008C3DDC /* LocationService.swift in Sources */,
				6E758CC42B1F0AE0008C3DDC /* TransportationSettingVM.swift in Sources */,
				6E758CE82B205788008C3DDC /* DayOfWeekSettingVM.swift in Sources */,
				6E758CF82B216AD4008C3DDC /* LocationSearchDatasource.swift in Sources */,
				6E758C5E2B1DC615008C3DDC /* LetsGo.xcdatamodeld in Sources */,
				6EF6B7332B2ABEDC0016F342 /* Test.swift in Sources */,
				6EAC34F92B2C289C00BC471E /* AppleAuthButton+Rx.swift in Sources */,
				6E693E1D2B26BD4800B82F1F /* ArrivalTimeSettingVC.swift in Sources */,
				6E758C542B1DC615008C3DDC /* AppDelegate.swift in Sources */,
				6EAC34F12B2C248200BC471E /* AppleService.swift in Sources */,
				6E67C8142B283B82007F5121 /* MarkingWeekView.swift in Sources */,
				6E693E252B27020C00B82F1F /* InitialSettingsPageVM.swift in Sources */,
				6E1727752B28173000BCF666 /* AppSettingVC.swift in Sources */,
				6E758D002B218F32008C3DDC /* Location.swift in Sources */,
				3756A8D22B220F1700A5ECA6 /* LocationSearchDatasourceProtocol.swift in Sources */,
				6E693E172B22FE2800B82F1F /* ConfirmBottomSheetVM.swift in Sources */,
				6E1727772B28175A00BCF666 /* AppSettingVM.swift in Sources */,
				6E758D102B22BA47008C3DDC /* LocationCellBadgeView.swift in Sources */,
				6E758C562B1DC615008C3DDC /* SceneDelegate.swift in Sources */,
				6E758CEE2B215246008C3DDC /* SettingTextField.swift in Sources */,
				6E17276B2B28131400BCF666 /* AlarmListVM.swift in Sources */,
				6E758CC12B1F0ACF008C3DDC /* TransportationSettingVC.swift in Sources */,
				6EAC34C92B2C1B0800BC471E /* LoginVC.swift in Sources */,
				6EAC34D42B2C1CD800BC471E /* UIImage+Ext.swift in Sources */,
				6E1727682B2812DB00BCF666 /* AlarmListVC.swift in Sources */,
				6E758D0D2B22B9B5008C3DDC /* LocationCellInfoView.swift in Sources */,
				6E758CE62B2052D5008C3DDC /* DayOfWeekSettingVC.swift in Sources */,
				6E758CFC2B217AC6008C3DDC /* LocationUseCase.swift in Sources */,
				6E758CEA2B2150A0008C3DDC /* DepartureSettingVC.swift in Sources */,
				6EAC34F22B2C248200BC471E /* GoogleService.swift in Sources */,
				6E758CD82B200954008C3DDC /* UIView+Ext.swift in Sources */,
				6E758CCD2B2001E7008C3DDC /* UIColor+Ext.swift in Sources */,
				6E758D052B219191008C3DDC /* Network.swift in Sources */,
				6E693E212B26C4EA00B82F1F /* DateFormatterService.swift in Sources */,
				6E758D022B219121008C3DDC /* URLSessionService.swift in Sources */,
				6EAC34D62B2C1CF600BC471E /* LoginVM.swift in Sources */,
				6E758CEC2B2150BA008C3DDC /* DepartureSettingVM.swift in Sources */,
				6E17276F2B28166600BCF666 /* BaseTabBarController.swift in Sources */,
				3756A8CE2B220C8E00A5ECA6 /* LocationUseCaseProtocol.swift in Sources */,
				6E758CDF2B2034E4008C3DDC /* FixedAlarm.swift in Sources */,
				3756A8D02B220E5700A5ECA6 /* LocationSearchRepositoryProtocol.swift in Sources */,
				6E758CE12B2034EF008C3DDC /* UnFixedAlarm.swift in Sources */,
				6E758CBA2B1F0A92008C3DDC /* OnboardingViewController.swift in Sources */,
				6E693E1F2B26BD6300B82F1F /* ArrivalTimeSettingVM.swift in Sources */,
				6E758CFA2B2179F1008C3DDC /* LocationSearchRepository.swift in Sources */,
			);
			runOnlyForDeploymentPostprocessing = 0;
		};
		6E758C652B1DC616008C3DDC /* Sources */ = {
			isa = PBXSourcesBuildPhase;
			buildActionMask = 2147483647;
			files = (
				6E758C6E2B1DC616008C3DDC /* LetsGoTests.swift in Sources */,
			);
			runOnlyForDeploymentPostprocessing = 0;
		};
		6E758C6F2B1DC616008C3DDC /* Sources */ = {
			isa = PBXSourcesBuildPhase;
			buildActionMask = 2147483647;
			files = (
				6E758C7A2B1DC616008C3DDC /* LetsGoUITestsLaunchTests.swift in Sources */,
				6E758C782B1DC616008C3DDC /* LetsGoUITests.swift in Sources */,
			);
			runOnlyForDeploymentPostprocessing = 0;
		};
/* End PBXSourcesBuildPhase section */

/* Begin PBXTargetDependency section */
		6E758C6B2B1DC616008C3DDC /* PBXTargetDependency */ = {
			isa = PBXTargetDependency;
			target = 6E758C4F2B1DC615008C3DDC /* LetsGo */;
			targetProxy = 6E758C6A2B1DC616008C3DDC /* PBXContainerItemProxy */;
		};
		6E758C752B1DC616008C3DDC /* PBXTargetDependency */ = {
			isa = PBXTargetDependency;
			target = 6E758C4F2B1DC615008C3DDC /* LetsGo */;
			targetProxy = 6E758C742B1DC616008C3DDC /* PBXContainerItemProxy */;
		};
/* End PBXTargetDependency section */

/* Begin PBXVariantGroup section */
		6E758C612B1DC616008C3DDC /* LaunchScreen.storyboard */ = {
			isa = PBXVariantGroup;
			children = (
				6E758C622B1DC616008C3DDC /* Base */,
			);
			name = LaunchScreen.storyboard;
			sourceTree = "<group>";
		};
/* End PBXVariantGroup section */

/* Begin XCBuildConfiguration section */
		6E758C7B2B1DC616008C3DDC /* Debug */ = {
			isa = XCBuildConfiguration;
			buildSettings = {
				ALWAYS_SEARCH_USER_PATHS = NO;
				ASSETCATALOG_COMPILER_GENERATE_SWIFT_ASSET_SYMBOL_EXTENSIONS = YES;
				CLANG_ANALYZER_NONNULL = YES;
				CLANG_ANALYZER_NUMBER_OBJECT_CONVERSION = YES_AGGRESSIVE;
				CLANG_CXX_LANGUAGE_STANDARD = "gnu++20";
				CLANG_ENABLE_MODULES = YES;
				CLANG_ENABLE_OBJC_ARC = YES;
				CLANG_ENABLE_OBJC_WEAK = YES;
				CLANG_WARN_BLOCK_CAPTURE_AUTORELEASING = YES;
				CLANG_WARN_BOOL_CONVERSION = YES;
				CLANG_WARN_COMMA = YES;
				CLANG_WARN_CONSTANT_CONVERSION = YES;
				CLANG_WARN_DEPRECATED_OBJC_IMPLEMENTATIONS = YES;
				CLANG_WARN_DIRECT_OBJC_ISA_USAGE = YES_ERROR;
				CLANG_WARN_DOCUMENTATION_COMMENTS = YES;
				CLANG_WARN_EMPTY_BODY = YES;
				CLANG_WARN_ENUM_CONVERSION = YES;
				CLANG_WARN_INFINITE_RECURSION = YES;
				CLANG_WARN_INT_CONVERSION = YES;
				CLANG_WARN_NON_LITERAL_NULL_CONVERSION = YES;
				CLANG_WARN_OBJC_IMPLICIT_RETAIN_SELF = YES;
				CLANG_WARN_OBJC_LITERAL_CONVERSION = YES;
				CLANG_WARN_OBJC_ROOT_CLASS = YES_ERROR;
				CLANG_WARN_QUOTED_INCLUDE_IN_FRAMEWORK_HEADER = YES;
				CLANG_WARN_RANGE_LOOP_ANALYSIS = YES;
				CLANG_WARN_STRICT_PROTOTYPES = YES;
				CLANG_WARN_SUSPICIOUS_MOVE = YES;
				CLANG_WARN_UNGUARDED_AVAILABILITY = YES_AGGRESSIVE;
				CLANG_WARN_UNREACHABLE_CODE = YES;
				CLANG_WARN__DUPLICATE_METHOD_MATCH = YES;
				COPY_PHASE_STRIP = NO;
				DEBUG_INFORMATION_FORMAT = dwarf;
				ENABLE_STRICT_OBJC_MSGSEND = YES;
				ENABLE_TESTABILITY = YES;
				ENABLE_USER_SCRIPT_SANDBOXING = YES;
				GCC_C_LANGUAGE_STANDARD = gnu17;
				GCC_DYNAMIC_NO_PIC = NO;
				GCC_NO_COMMON_BLOCKS = YES;
				GCC_OPTIMIZATION_LEVEL = 0;
				GCC_PREPROCESSOR_DEFINITIONS = (
					"DEBUG=1",
					"$(inherited)",
				);
				GCC_WARN_64_TO_32_BIT_CONVERSION = YES;
				GCC_WARN_ABOUT_RETURN_TYPE = YES_ERROR;
				GCC_WARN_UNDECLARED_SELECTOR = YES;
				GCC_WARN_UNINITIALIZED_AUTOS = YES_AGGRESSIVE;
				GCC_WARN_UNUSED_FUNCTION = YES;
				GCC_WARN_UNUSED_VARIABLE = YES;
				IPHONEOS_DEPLOYMENT_TARGET = 17.0;
				LOCALIZATION_PREFERS_STRING_CATALOGS = YES;
				MTL_ENABLE_DEBUG_INFO = INCLUDE_SOURCE;
				MTL_FAST_MATH = YES;
				ONLY_ACTIVE_ARCH = YES;
				SDKROOT = iphoneos;
				SWIFT_ACTIVE_COMPILATION_CONDITIONS = "DEBUG $(inherited)";
				SWIFT_OPTIMIZATION_LEVEL = "-Onone";
			};
			name = Debug;
		};
		6E758C7C2B1DC616008C3DDC /* Release */ = {
			isa = XCBuildConfiguration;
			buildSettings = {
				ALWAYS_SEARCH_USER_PATHS = NO;
				ASSETCATALOG_COMPILER_GENERATE_SWIFT_ASSET_SYMBOL_EXTENSIONS = YES;
				CLANG_ANALYZER_NONNULL = YES;
				CLANG_ANALYZER_NUMBER_OBJECT_CONVERSION = YES_AGGRESSIVE;
				CLANG_CXX_LANGUAGE_STANDARD = "gnu++20";
				CLANG_ENABLE_MODULES = YES;
				CLANG_ENABLE_OBJC_ARC = YES;
				CLANG_ENABLE_OBJC_WEAK = YES;
				CLANG_WARN_BLOCK_CAPTURE_AUTORELEASING = YES;
				CLANG_WARN_BOOL_CONVERSION = YES;
				CLANG_WARN_COMMA = YES;
				CLANG_WARN_CONSTANT_CONVERSION = YES;
				CLANG_WARN_DEPRECATED_OBJC_IMPLEMENTATIONS = YES;
				CLANG_WARN_DIRECT_OBJC_ISA_USAGE = YES_ERROR;
				CLANG_WARN_DOCUMENTATION_COMMENTS = YES;
				CLANG_WARN_EMPTY_BODY = YES;
				CLANG_WARN_ENUM_CONVERSION = YES;
				CLANG_WARN_INFINITE_RECURSION = YES;
				CLANG_WARN_INT_CONVERSION = YES;
				CLANG_WARN_NON_LITERAL_NULL_CONVERSION = YES;
				CLANG_WARN_OBJC_IMPLICIT_RETAIN_SELF = YES;
				CLANG_WARN_OBJC_LITERAL_CONVERSION = YES;
				CLANG_WARN_OBJC_ROOT_CLASS = YES_ERROR;
				CLANG_WARN_QUOTED_INCLUDE_IN_FRAMEWORK_HEADER = YES;
				CLANG_WARN_RANGE_LOOP_ANALYSIS = YES;
				CLANG_WARN_STRICT_PROTOTYPES = YES;
				CLANG_WARN_SUSPICIOUS_MOVE = YES;
				CLANG_WARN_UNGUARDED_AVAILABILITY = YES_AGGRESSIVE;
				CLANG_WARN_UNREACHABLE_CODE = YES;
				CLANG_WARN__DUPLICATE_METHOD_MATCH = YES;
				COPY_PHASE_STRIP = NO;
				DEBUG_INFORMATION_FORMAT = "dwarf-with-dsym";
				ENABLE_NS_ASSERTIONS = NO;
				ENABLE_STRICT_OBJC_MSGSEND = YES;
				ENABLE_USER_SCRIPT_SANDBOXING = YES;
				GCC_C_LANGUAGE_STANDARD = gnu17;
				GCC_NO_COMMON_BLOCKS = YES;
				GCC_WARN_64_TO_32_BIT_CONVERSION = YES;
				GCC_WARN_ABOUT_RETURN_TYPE = YES_ERROR;
				GCC_WARN_UNDECLARED_SELECTOR = YES;
				GCC_WARN_UNINITIALIZED_AUTOS = YES_AGGRESSIVE;
				GCC_WARN_UNUSED_FUNCTION = YES;
				GCC_WARN_UNUSED_VARIABLE = YES;
				IPHONEOS_DEPLOYMENT_TARGET = 17.0;
				LOCALIZATION_PREFERS_STRING_CATALOGS = YES;
				MTL_ENABLE_DEBUG_INFO = NO;
				MTL_FAST_MATH = YES;
				SDKROOT = iphoneos;
				SWIFT_COMPILATION_MODE = wholemodule;
				VALIDATE_PRODUCT = YES;
			};
			name = Release;
		};
		6E758C7E2B1DC616008C3DDC /* Debug */ = {
			isa = XCBuildConfiguration;
			buildSettings = {
				ASSETCATALOG_COMPILER_APPICON_NAME = AppIcon;
				ASSETCATALOG_COMPILER_GLOBAL_ACCENT_COLOR_NAME = AccentColor;
				CODE_SIGN_ENTITLEMENTS = LetsGo/LetsGo.entitlements;
				CODE_SIGN_STYLE = Automatic;
				CURRENT_PROJECT_VERSION = 1;
				DEVELOPMENT_TEAM = 7YM75J8UJJ;
				GENERATE_INFOPLIST_FILE = YES;
				INFOPLIST_FILE = LetsGo/App/Info.plist;
				INFOPLIST_KEY_NSLocationAlwaysAndWhenInUseUsageDescription = "거리 계산을 통해 향상된 알람 기능을 제공해드리기 위해 위치 권한이 꼭 필요합니다.";
				INFOPLIST_KEY_UIApplicationSupportsIndirectInputEvents = YES;
				INFOPLIST_KEY_UILaunchStoryboardName = LaunchScreen;
				INFOPLIST_KEY_UISupportedInterfaceOrientations_iPad = "UIInterfaceOrientationPortrait UIInterfaceOrientationPortraitUpsideDown UIInterfaceOrientationLandscapeLeft UIInterfaceOrientationLandscapeRight";
				INFOPLIST_KEY_UISupportedInterfaceOrientations_iPhone = "UIInterfaceOrientationPortrait UIInterfaceOrientationLandscapeLeft UIInterfaceOrientationLandscapeRight";
				LD_RUNPATH_SEARCH_PATHS = (
					"$(inherited)",
					"@executable_path/Frameworks",
				);
				MARKETING_VERSION = 1.0;
				PRODUCT_BUNDLE_IDENTIFIER = com.CY.LetsGo;
				PRODUCT_NAME = "$(TARGET_NAME)";
				SWIFT_EMIT_LOC_STRINGS = YES;
				SWIFT_VERSION = 5.0;
				TARGETED_DEVICE_FAMILY = "1,2";
			};
			name = Debug;
		};
		6E758C7F2B1DC616008C3DDC /* Release */ = {
			isa = XCBuildConfiguration;
			buildSettings = {
				ASSETCATALOG_COMPILER_APPICON_NAME = AppIcon;
				ASSETCATALOG_COMPILER_GLOBAL_ACCENT_COLOR_NAME = AccentColor;
				CODE_SIGN_ENTITLEMENTS = LetsGo/LetsGo.entitlements;
				CODE_SIGN_STYLE = Automatic;
				CURRENT_PROJECT_VERSION = 1;
				DEVELOPMENT_TEAM = 7YM75J8UJJ;
				GENERATE_INFOPLIST_FILE = YES;
				INFOPLIST_FILE = LetsGo/App/Info.plist;
				INFOPLIST_KEY_NSLocationAlwaysAndWhenInUseUsageDescription = "거리 계산을 통해 향상된 알람 기능을 제공해드리기 위해 위치 권한이 꼭 필요합니다.";
				INFOPLIST_KEY_UIApplicationSupportsIndirectInputEvents = YES;
				INFOPLIST_KEY_UILaunchStoryboardName = LaunchScreen;
				INFOPLIST_KEY_UISupportedInterfaceOrientations_iPad = "UIInterfaceOrientationPortrait UIInterfaceOrientationPortraitUpsideDown UIInterfaceOrientationLandscapeLeft UIInterfaceOrientationLandscapeRight";
				INFOPLIST_KEY_UISupportedInterfaceOrientations_iPhone = "UIInterfaceOrientationPortrait UIInterfaceOrientationLandscapeLeft UIInterfaceOrientationLandscapeRight";
				LD_RUNPATH_SEARCH_PATHS = (
					"$(inherited)",
					"@executable_path/Frameworks",
				);
				MARKETING_VERSION = 1.0;
				PRODUCT_BUNDLE_IDENTIFIER = com.CY.LetsGo;
				PRODUCT_NAME = "$(TARGET_NAME)";
				SWIFT_EMIT_LOC_STRINGS = YES;
				SWIFT_VERSION = 5.0;
				TARGETED_DEVICE_FAMILY = "1,2";
			};
			name = Release;
		};
		6E758C812B1DC616008C3DDC /* Debug */ = {
			isa = XCBuildConfiguration;
			buildSettings = {
				ALWAYS_EMBED_SWIFT_STANDARD_LIBRARIES = YES;
				BUNDLE_LOADER = "$(TEST_HOST)";
				CODE_SIGN_STYLE = Automatic;
				CURRENT_PROJECT_VERSION = 1;
				DEVELOPMENT_TEAM = 7YM75J8UJJ;
				GENERATE_INFOPLIST_FILE = YES;
				IPHONEOS_DEPLOYMENT_TARGET = 17.0;
				MARKETING_VERSION = 1.0;
				PRODUCT_BUNDLE_IDENTIFIER = com.CY.LetsGoTests;
				PRODUCT_NAME = "$(TARGET_NAME)";
				SWIFT_EMIT_LOC_STRINGS = NO;
				SWIFT_VERSION = 5.0;
				TARGETED_DEVICE_FAMILY = "1,2";
				TEST_HOST = "$(BUILT_PRODUCTS_DIR)/LetsGo.app/$(BUNDLE_EXECUTABLE_FOLDER_PATH)/LetsGo";
			};
			name = Debug;
		};
		6E758C822B1DC616008C3DDC /* Release */ = {
			isa = XCBuildConfiguration;
			buildSettings = {
				ALWAYS_EMBED_SWIFT_STANDARD_LIBRARIES = YES;
				BUNDLE_LOADER = "$(TEST_HOST)";
				CODE_SIGN_STYLE = Automatic;
				CURRENT_PROJECT_VERSION = 1;
				DEVELOPMENT_TEAM = 7YM75J8UJJ;
				GENERATE_INFOPLIST_FILE = YES;
				IPHONEOS_DEPLOYMENT_TARGET = 17.0;
				MARKETING_VERSION = 1.0;
				PRODUCT_BUNDLE_IDENTIFIER = com.CY.LetsGoTests;
				PRODUCT_NAME = "$(TARGET_NAME)";
				SWIFT_EMIT_LOC_STRINGS = NO;
				SWIFT_VERSION = 5.0;
				TARGETED_DEVICE_FAMILY = "1,2";
				TEST_HOST = "$(BUILT_PRODUCTS_DIR)/LetsGo.app/$(BUNDLE_EXECUTABLE_FOLDER_PATH)/LetsGo";
			};
			name = Release;
		};
		6E758C842B1DC616008C3DDC /* Debug */ = {
			isa = XCBuildConfiguration;
			buildSettings = {
				ALWAYS_EMBED_SWIFT_STANDARD_LIBRARIES = YES;
				CODE_SIGN_STYLE = Automatic;
				CURRENT_PROJECT_VERSION = 1;
				DEVELOPMENT_TEAM = 7YM75J8UJJ;
				GENERATE_INFOPLIST_FILE = YES;
				MARKETING_VERSION = 1.0;
				PRODUCT_BUNDLE_IDENTIFIER = com.CY.LetsGoUITests;
				PRODUCT_NAME = "$(TARGET_NAME)";
				SWIFT_EMIT_LOC_STRINGS = NO;
				SWIFT_VERSION = 5.0;
				TARGETED_DEVICE_FAMILY = "1,2";
				TEST_TARGET_NAME = LetsGo;
			};
			name = Debug;
		};
		6E758C852B1DC616008C3DDC /* Release */ = {
			isa = XCBuildConfiguration;
			buildSettings = {
				ALWAYS_EMBED_SWIFT_STANDARD_LIBRARIES = YES;
				CODE_SIGN_STYLE = Automatic;
				CURRENT_PROJECT_VERSION = 1;
				DEVELOPMENT_TEAM = 7YM75J8UJJ;
				GENERATE_INFOPLIST_FILE = YES;
				MARKETING_VERSION = 1.0;
				PRODUCT_BUNDLE_IDENTIFIER = com.CY.LetsGoUITests;
				PRODUCT_NAME = "$(TARGET_NAME)";
				SWIFT_EMIT_LOC_STRINGS = NO;
				SWIFT_VERSION = 5.0;
				TARGETED_DEVICE_FAMILY = "1,2";
				TEST_TARGET_NAME = LetsGo;
			};
			name = Release;
		};
/* End XCBuildConfiguration section */

/* Begin XCConfigurationList section */
		6E758C4B2B1DC615008C3DDC /* Build configuration list for PBXProject "LetsGo" */ = {
			isa = XCConfigurationList;
			buildConfigurations = (
				6E758C7B2B1DC616008C3DDC /* Debug */,
				6E758C7C2B1DC616008C3DDC /* Release */,
			);
			defaultConfigurationIsVisible = 0;
			defaultConfigurationName = Release;
		};
		6E758C7D2B1DC616008C3DDC /* Build configuration list for PBXNativeTarget "LetsGo" */ = {
			isa = XCConfigurationList;
			buildConfigurations = (
				6E758C7E2B1DC616008C3DDC /* Debug */,
				6E758C7F2B1DC616008C3DDC /* Release */,
			);
			defaultConfigurationIsVisible = 0;
			defaultConfigurationName = Release;
		};
		6E758C802B1DC616008C3DDC /* Build configuration list for PBXNativeTarget "LetsGoTests" */ = {
			isa = XCConfigurationList;
			buildConfigurations = (
				6E758C812B1DC616008C3DDC /* Debug */,
				6E758C822B1DC616008C3DDC /* Release */,
			);
			defaultConfigurationIsVisible = 0;
			defaultConfigurationName = Release;
		};
		6E758C832B1DC616008C3DDC /* Build configuration list for PBXNativeTarget "LetsGoUITests" */ = {
			isa = XCConfigurationList;
			buildConfigurations = (
				6E758C842B1DC616008C3DDC /* Debug */,
				6E758C852B1DC616008C3DDC /* Release */,
			);
			defaultConfigurationIsVisible = 0;
			defaultConfigurationName = Release;
		};
/* End XCConfigurationList section */

/* Begin XCRemoteSwiftPackageReference section */
		6E758CA92B1F0894008C3DDC /* XCRemoteSwiftPackageReference "SnapKit" */ = {
			isa = XCRemoteSwiftPackageReference;
			repositoryURL = "https://github.com/SnapKit/SnapKit.git";
			requirement = {
				kind = upToNextMajorVersion;
				minimumVersion = 5.6.0;
			};
		};
		6E758CAC2B1F08B9008C3DDC /* XCRemoteSwiftPackageReference "RxSwift" */ = {
			isa = XCRemoteSwiftPackageReference;
			repositoryURL = "https://github.com/ReactiveX/RxSwift.git";
			requirement = {
				kind = upToNextMajorVersion;
				minimumVersion = 6.6.0;
			};
		};
		6EAC34CE2B2C1C4400BC471E /* XCRemoteSwiftPackageReference "JGProgressHUD" */ = {
			isa = XCRemoteSwiftPackageReference;
			repositoryURL = "https://github.com/JonasGessner/JGProgressHUD.git";
			requirement = {
				kind = upToNextMajorVersion;
				minimumVersion = 2.2.0;
			};
		};
		6EAC34D72B2C1D2200BC471E /* XCRemoteSwiftPackageReference "GoogleSignIn-iOS" */ = {
			isa = XCRemoteSwiftPackageReference;
			repositoryURL = "https://github.com/google/GoogleSignIn-iOS.git";
			requirement = {
				kind = upToNextMajorVersion;
				minimumVersion = 7.0.0;
			};
		};
		6EAC34DC2B2C1D9600BC471E /* XCRemoteSwiftPackageReference "firebase-ios-sdk" */ = {
			isa = XCRemoteSwiftPackageReference;
			repositoryURL = "https://github.com/firebase/firebase-ios-sdk.git";
			requirement = {
				kind = upToNextMajorVersion;
				minimumVersion = 10.19.1;
			};
		};
/* End XCRemoteSwiftPackageReference section */

/* Begin XCSwiftPackageProductDependency section */
		6E758CAA2B1F0894008C3DDC /* SnapKit */ = {
			isa = XCSwiftPackageProductDependency;
			package = 6E758CA92B1F0894008C3DDC /* XCRemoteSwiftPackageReference "SnapKit" */;
			productName = SnapKit;
		};
		6E758CAD2B1F08B9008C3DDC /* RxCocoa */ = {
			isa = XCSwiftPackageProductDependency;
			package = 6E758CAC2B1F08B9008C3DDC /* XCRemoteSwiftPackageReference "RxSwift" */;
			productName = RxCocoa;
		};
		6E758CAF2B1F08B9008C3DDC /* RxRelay */ = {
			isa = XCSwiftPackageProductDependency;
			package = 6E758CAC2B1F08B9008C3DDC /* XCRemoteSwiftPackageReference "RxSwift" */;
			productName = RxRelay;
		};
		6E758CB12B1F08B9008C3DDC /* RxSwift */ = {
			isa = XCSwiftPackageProductDependency;
			package = 6E758CAC2B1F08B9008C3DDC /* XCRemoteSwiftPackageReference "RxSwift" */;
			productName = RxSwift;
		};
		6EAC34CF2B2C1C4400BC471E /* JGProgressHUD */ = {
			isa = XCSwiftPackageProductDependency;
			package = 6EAC34CE2B2C1C4400BC471E /* XCRemoteSwiftPackageReference "JGProgressHUD" */;
			productName = JGProgressHUD;
		};
		6EAC34D82B2C1D2200BC471E /* GoogleSignIn */ = {
			isa = XCSwiftPackageProductDependency;
			package = 6EAC34D72B2C1D2200BC471E /* XCRemoteSwiftPackageReference "GoogleSignIn-iOS" */;
			productName = GoogleSignIn;
		};
		6EAC34DA2B2C1D2200BC471E /* GoogleSignInSwift */ = {
			isa = XCSwiftPackageProductDependency;
			package = 6EAC34D72B2C1D2200BC471E /* XCRemoteSwiftPackageReference "GoogleSignIn-iOS" */;
			productName = GoogleSignInSwift;
		};
		6EAC34DD2B2C1D9600BC471E /* FirebaseAnalytics */ = {
			isa = XCSwiftPackageProductDependency;
			package = 6EAC34DC2B2C1D9600BC471E /* XCRemoteSwiftPackageReference "firebase-ios-sdk" */;
			productName = FirebaseAnalytics;
		};
		6EAC34DF2B2C1D9600BC471E /* FirebaseAuth */ = {
			isa = XCSwiftPackageProductDependency;
			package = 6EAC34DC2B2C1D9600BC471E /* XCRemoteSwiftPackageReference "firebase-ios-sdk" */;
			productName = FirebaseAuth;
		};
		6EAC34E12B2C1D9600BC471E /* FirebaseDatabase */ = {
			isa = XCSwiftPackageProductDependency;
			package = 6EAC34DC2B2C1D9600BC471E /* XCRemoteSwiftPackageReference "firebase-ios-sdk" */;
			productName = FirebaseDatabase;
		};
		6EAC34E32B2C1D9600BC471E /* FirebaseDatabaseSwift */ = {
			isa = XCSwiftPackageProductDependency;
			package = 6EAC34DC2B2C1D9600BC471E /* XCRemoteSwiftPackageReference "firebase-ios-sdk" */;
			productName = FirebaseDatabaseSwift;
		};
		6EAC34E52B2C1D9600BC471E /* FirebaseFirestore */ = {
			isa = XCSwiftPackageProductDependency;
			package = 6EAC34DC2B2C1D9600BC471E /* XCRemoteSwiftPackageReference "firebase-ios-sdk" */;
			productName = FirebaseFirestore;
		};
		6EAC34E72B2C1D9600BC471E /* FirebaseFirestoreSwift */ = {
			isa = XCSwiftPackageProductDependency;
			package = 6EAC34DC2B2C1D9600BC471E /* XCRemoteSwiftPackageReference "firebase-ios-sdk" */;
			productName = FirebaseFirestoreSwift;
		};
		6EAC34E92B2C1D9600BC471E /* FirebaseMessaging */ = {
			isa = XCSwiftPackageProductDependency;
			package = 6EAC34DC2B2C1D9600BC471E /* XCRemoteSwiftPackageReference "firebase-ios-sdk" */;
			productName = FirebaseMessaging;
		};
		6EAC34EB2B2C1D9600BC471E /* FirebaseStorage */ = {
			isa = XCSwiftPackageProductDependency;
			package = 6EAC34DC2B2C1D9600BC471E /* XCRemoteSwiftPackageReference "firebase-ios-sdk" */;
			productName = FirebaseStorage;
		};
/* End XCSwiftPackageProductDependency section */

/* Begin XCVersionGroup section */
		6E758C5C2B1DC615008C3DDC /* LetsGo.xcdatamodeld */ = {
			isa = XCVersionGroup;
			children = (
				6E758C5D2B1DC615008C3DDC /* LetsGo.xcdatamodel */,
			);
			currentVersion = 6E758C5D2B1DC615008C3DDC /* LetsGo.xcdatamodel */;
			path = LetsGo.xcdatamodeld;
			sourceTree = "<group>";
			versionGroupType = wrapper.xcdatamodel;
		};
/* End XCVersionGroup section */
	};
	rootObject = 6E758C482B1DC615008C3DDC /* Project object */;
}
