// !$*UTF8*$!
{
	archiveVersion = 1;
	classes = {
	};
	objectVersion = 56;
	objects = {

/* Begin PBXBuildFile section */
		6E758C542B1DC615008C3DDC /* AppDelegate.swift in Sources */ = {isa = PBXBuildFile; fileRef = 6E758C532B1DC615008C3DDC /* AppDelegate.swift */; };
		6E758C562B1DC615008C3DDC /* SceneDelegate.swift in Sources */ = {isa = PBXBuildFile; fileRef = 6E758C552B1DC615008C3DDC /* SceneDelegate.swift */; };
		6E758C582B1DC615008C3DDC /* ViewController.swift in Sources */ = {isa = PBXBuildFile; fileRef = 6E758C572B1DC615008C3DDC /* ViewController.swift */; };
		6E758C5B2B1DC615008C3DDC /* Main.storyboard in Resources */ = {isa = PBXBuildFile; fileRef = 6E758C592B1DC615008C3DDC /* Main.storyboard */; };
		6E758C5E2B1DC615008C3DDC /* LetsGo.xcdatamodeld in Sources */ = {isa = PBXBuildFile; fileRef = 6E758C5C2B1DC615008C3DDC /* LetsGo.xcdatamodeld */; };
		6E758C602B1DC616008C3DDC /* Assets.xcassets in Resources */ = {isa = PBXBuildFile; fileRef = 6E758C5F2B1DC616008C3DDC /* Assets.xcassets */; };
		6E758C632B1DC616008C3DDC /* LaunchScreen.storyboard in Resources */ = {isa = PBXBuildFile; fileRef = 6E758C612B1DC616008C3DDC /* LaunchScreen.storyboard */; };
		6E758C6E2B1DC616008C3DDC /* LetsGoTests.swift in Sources */ = {isa = PBXBuildFile; fileRef = 6E758C6D2B1DC616008C3DDC /* LetsGoTests.swift */; };
		6E758C782B1DC616008C3DDC /* LetsGoUITests.swift in Sources */ = {isa = PBXBuildFile; fileRef = 6E758C772B1DC616008C3DDC /* LetsGoUITests.swift */; };
		6E758C7A2B1DC616008C3DDC /* LetsGoUITestsLaunchTests.swift in Sources */ = {isa = PBXBuildFile; fileRef = 6E758C792B1DC616008C3DDC /* LetsGoUITestsLaunchTests.swift */; };
/* End PBXBuildFile section */

/* Begin PBXContainerItemProxy section */
		6E758C6A2B1DC616008C3DDC /* PBXContainerItemProxy */ = {
			isa = PBXContainerItemProxy;
			containerPortal = 6E758C482B1DC615008C3DDC /* Project object */;
			proxyType = 1;
			remoteGlobalIDString = 6E758C4F2B1DC615008C3DDC;
			remoteInfo = LetsGo;
		};
		6E758C742B1DC616008C3DDC /* PBXContainerItemProxy */ = {
			isa = PBXContainerItemProxy;
			containerPortal = 6E758C482B1DC615008C3DDC /* Project object */;
			proxyType = 1;
			remoteGlobalIDString = 6E758C4F2B1DC615008C3DDC;
			remoteInfo = LetsGo;
		};
/* End PBXContainerItemProxy section */

/* Begin PBXFileReference section */
		6E758C502B1DC615008C3DDC /* LetsGo.app */ = {isa = PBXFileReference; explicitFileType = wrapper.application; includeInIndex = 0; path = LetsGo.app; sourceTree = BUILT_PRODUCTS_DIR; };
		6E758C532B1DC615008C3DDC /* AppDelegate.swift */ = {isa = PBXFileReference; lastKnownFileType = sourcecode.swift; path = AppDelegate.swift; sourceTree = "<group>"; };
		6E758C552B1DC615008C3DDC /* SceneDelegate.swift */ = {isa = PBXFileReference; lastKnownFileType = sourcecode.swift; path = SceneDelegate.swift; sourceTree = "<group>"; };
		6E758C572B1DC615008C3DDC /* ViewController.swift */ = {isa = PBXFileReference; lastKnownFileType = sourcecode.swift; path = ViewController.swift; sourceTree = "<group>"; };
		6E758C5A2B1DC615008C3DDC /* Base */ = {isa = PBXFileReference; lastKnownFileType = file.storyboard; name = Base; path = Base.lproj/Main.storyboard; sourceTree = "<group>"; };
		6E758C5D2B1DC615008C3DDC /* LetsGo.xcdatamodel */ = {isa = PBXFileReference; lastKnownFileType = wrapper.xcdatamodel; path = LetsGo.xcdatamodel; sourceTree = "<group>"; };
		6E758C5F2B1DC616008C3DDC /* Assets.xcassets */ = {isa = PBXFileReference; lastKnownFileType = folder.assetcatalog; path = Assets.xcassets; sourceTree = "<group>"; };
		6E758C622B1DC616008C3DDC /* Base */ = {isa = PBXFileReference; lastKnownFileType = file.storyboard; name = Base; path = Base.lproj/LaunchScreen.storyboard; sourceTree = "<group>"; };
		6E758C642B1DC616008C3DDC /* Info.plist */ = {isa = PBXFileReference; lastKnownFileType = text.plist.xml; path = Info.plist; sourceTree = "<group>"; };
		6E758C692B1DC616008C3DDC /* LetsGoTests.xctest */ = {isa = PBXFileReference; explicitFileType = wrapper.cfbundle; includeInIndex = 0; path = LetsGoTests.xctest; sourceTree = BUILT_PRODUCTS_DIR; };
		6E758C6D2B1DC616008C3DDC /* LetsGoTests.swift */ = {isa = PBXFileReference; lastKnownFileType = sourcecode.swift; path = LetsGoTests.swift; sourceTree = "<group>"; };
		6E758C732B1DC616008C3DDC /* LetsGoUITests.xctest */ = {isa = PBXFileReference; explicitFileType = wrapper.cfbundle; includeInIndex = 0; path = LetsGoUITests.xctest; sourceTree = BUILT_PRODUCTS_DIR; };
		6E758C772B1DC616008C3DDC /* LetsGoUITests.swift */ = {isa = PBXFileReference; lastKnownFileType = sourcecode.swift; path = LetsGoUITests.swift; sourceTree = "<group>"; };
		6E758C792B1DC616008C3DDC /* LetsGoUITestsLaunchTests.swift */ = {isa = PBXFileReference; lastKnownFileType = sourcecode.swift; path = LetsGoUITestsLaunchTests.swift; sourceTree = "<group>"; };
/* End PBXFileReference section */

/* Begin PBXFrameworksBuildPhase section */
		6E758C4D2B1DC615008C3DDC /* Frameworks */ = {
			isa = PBXFrameworksBuildPhase;
			buildActionMask = 2147483647;
			files = (
			);
			runOnlyForDeploymentPostprocessing = 0;
		};
		6E758C662B1DC616008C3DDC /* Frameworks */ = {
			isa = PBXFrameworksBuildPhase;
			buildActionMask = 2147483647;
			files = (
			);
			runOnlyForDeploymentPostprocessing = 0;
		};
		6E758C702B1DC616008C3DDC /* Frameworks */ = {
			isa = PBXFrameworksBuildPhase;
			buildActionMask = 2147483647;
			files = (
			);
			runOnlyForDeploymentPostprocessing = 0;
		};
/* End PBXFrameworksBuildPhase section */

/* Begin PBXGroup section */
		6E758C472B1DC615008C3DDC = {
			isa = PBXGroup;
			children = (
				6E758C522B1DC615008C3DDC /* LetsGo */,
				6E758C6C2B1DC616008C3DDC /* LetsGoTests */,
				6E758C762B1DC616008C3DDC /* LetsGoUITests */,
				6E758C512B1DC615008C3DDC /* Products */,
			);
			sourceTree = "<group>";
		};
		6E758C512B1DC615008C3DDC /* Products */ = {
			isa = PBXGroup;
			children = (
				6E758C502B1DC615008C3DDC /* LetsGo.app */,
				6E758C692B1DC616008C3DDC /* LetsGoTests.xctest */,
				6E758C732B1DC616008C3DDC /* LetsGoUITests.xctest */,
			);
			name = Products;
			sourceTree = "<group>";
		};
		6E758C522B1DC615008C3DDC /* LetsGo */ = {
			isa = PBXGroup;
			children = (
				6E758C532B1DC615008C3DDC /* AppDelegate.swift */,
				6E758C552B1DC615008C3DDC /* SceneDelegate.swift */,
				6E758C572B1DC615008C3DDC /* ViewController.swift */,
				6E758C592B1DC615008C3DDC /* Main.storyboard */,
				6E758C5F2B1DC616008C3DDC /* Assets.xcassets */,
				6E758C612B1DC616008C3DDC /* LaunchScreen.storyboard */,
				6E758C642B1DC616008C3DDC /* Info.plist */,
				6E758C5C2B1DC615008C3DDC /* LetsGo.xcdatamodeld */,
			);
			path = LetsGo;
			sourceTree = "<group>";
		};
		6E758C6C2B1DC616008C3DDC /* LetsGoTests */ = {
			isa = PBXGroup;
			children = (
				6E758C6D2B1DC616008C3DDC /* LetsGoTests.swift */,
			);
			path = LetsGoTests;
			sourceTree = "<group>";
		};
		6E758C762B1DC616008C3DDC /* LetsGoUITests */ = {
			isa = PBXGroup;
			children = (
				6E758C772B1DC616008C3DDC /* LetsGoUITests.swift */,
				6E758C792B1DC616008C3DDC /* LetsGoUITestsLaunchTests.swift */,
			);
			path = LetsGoUITests;
			sourceTree = "<group>";
		};
/* End PBXGroup section */

/* Begin PBXNativeTarget section */
		6E758C4F2B1DC615008C3DDC /* LetsGo */ = {
			isa = PBXNativeTarget;
			buildConfigurationList = 6E758C7D2B1DC616008C3DDC /* Build configuration list for PBXNativeTarget "LetsGo" */;
			buildPhases = (
				6E758C4C2B1DC615008C3DDC /* Sources */,
				6E758C4D2B1DC615008C3DDC /* Frameworks */,
				6E758C4E2B1DC615008C3DDC /* Resources */,
			);
			buildRules = (
			);
			dependencies = (
			);
			name = LetsGo;
			productName = LetsGo;
			productReference = 6E758C502B1DC615008C3DDC /* LetsGo.app */;
			productType = "com.apple.product-type.application";
		};
		6E758C682B1DC616008C3DDC /* LetsGoTests */ = {
			isa = PBXNativeTarget;
			buildConfigurationList = 6E758C802B1DC616008C3DDC /* Build configuration list for PBXNativeTarget "LetsGoTests" */;
			buildPhases = (
				6E758C652B1DC616008C3DDC /* Sources */,
				6E758C662B1DC616008C3DDC /* Frameworks */,
				6E758C672B1DC616008C3DDC /* Resources */,
			);
			buildRules = (
			);
			dependencies = (
				6E758C6B2B1DC616008C3DDC /* PBXTargetDependency */,
			);
			name = LetsGoTests;
			productName = LetsGoTests;
			productReference = 6E758C692B1DC616008C3DDC /* LetsGoTests.xctest */;
			productType = "com.apple.product-type.bundle.unit-test";
		};
		6E758C722B1DC616008C3DDC /* LetsGoUITests */ = {
			isa = PBXNativeTarget;
			buildConfigurationList = 6E758C832B1DC616008C3DDC /* Build configuration list for PBXNativeTarget "LetsGoUITests" */;
			buildPhases = (
				6E758C6F2B1DC616008C3DDC /* Sources */,
				6E758C702B1DC616008C3DDC /* Frameworks */,
				6E758C712B1DC616008C3DDC /* Resources */,
			);
			buildRules = (
			);
			dependencies = (
				6E758C752B1DC616008C3DDC /* PBXTargetDependency */,
			);
			name = LetsGoUITests;
			productName = LetsGoUITests;
			productReference = 6E758C732B1DC616008C3DDC /* LetsGoUITests.xctest */;
			productType = "com.apple.product-type.bundle.ui-testing";
		};
/* End PBXNativeTarget section */

/* Begin PBXProject section */
		6E758C482B1DC615008C3DDC /* Project object */ = {
			isa = PBXProject;
			attributes = {
				BuildIndependentTargetsInParallel = 1;
				LastSwiftUpdateCheck = 1500;
				LastUpgradeCheck = 1500;
				TargetAttributes = {
					6E758C4F2B1DC615008C3DDC = {
						CreatedOnToolsVersion = 15.0.1;
					};
					6E758C682B1DC616008C3DDC = {
						CreatedOnToolsVersion = 15.0.1;
						TestTargetID = 6E758C4F2B1DC615008C3DDC;
					};
					6E758C722B1DC616008C3DDC = {
						CreatedOnToolsVersion = 15.0.1;
						TestTargetID = 6E758C4F2B1DC615008C3DDC;
					};
				};
			};
			buildConfigurationList = 6E758C4B2B1DC615008C3DDC /* Build configuration list for PBXProject "LetsGo" */;
			compatibilityVersion = "Xcode 14.0";
			developmentRegion = en;
			hasScannedForEncodings = 0;
			knownRegions = (
				en,
				Base,
			);
			mainGroup = 6E758C472B1DC615008C3DDC;
			productRefGroup = 6E758C512B1DC615008C3DDC /* Products */;
			projectDirPath = "";
			projectRoot = "";
			targets = (
				6E758C4F2B1DC615008C3DDC /* LetsGo */,
				6E758C682B1DC616008C3DDC /* LetsGoTests */,
				6E758C722B1DC616008C3DDC /* LetsGoUITests */,
			);
		};
/* End PBXProject section */

/* Begin PBXResourcesBuildPhase section */
		6E758C4E2B1DC615008C3DDC /* Resources */ = {
			isa = PBXResourcesBuildPhase;
			buildActionMask = 2147483647;
			files = (
				6E758C632B1DC616008C3DDC /* LaunchScreen.storyboard in Resources */,
				6E758C602B1DC616008C3DDC /* Assets.xcassets in Resources */,
				6E758C5B2B1DC615008C3DDC /* Main.storyboard in Resources */,
			);
			runOnlyForDeploymentPostprocessing = 0;
		};
		6E758C672B1DC616008C3DDC /* Resources */ = {
			isa = PBXResourcesBuildPhase;
			buildActionMask = 2147483647;
			files = (
			);
			runOnlyForDeploymentPostprocessing = 0;
		};
		6E758C712B1DC616008C3DDC /* Resources */ = {
			isa = PBXResourcesBuildPhase;
			buildActionMask = 2147483647;
			files = (
			);
			runOnlyForDeploymentPostprocessing = 0;
		};
/* End PBXResourcesBuildPhase section */

/* Begin PBXSourcesBuildPhase section */
		6E758C4C2B1DC615008C3DDC /* Sources */ = {
			isa = PBXSourcesBuildPhase;
			buildActionMask = 2147483647;
			files = (
				6E758C582B1DC615008C3DDC /* ViewController.swift in Sources */,
				6E758C5E2B1DC615008C3DDC /* LetsGo.xcdatamodeld in Sources */,
				6E758C542B1DC615008C3DDC /* AppDelegate.swift in Sources */,
				6E758C562B1DC615008C3DDC /* SceneDelegate.swift in Sources */,
			);
			runOnlyForDeploymentPostprocessing = 0;
		};
		6E758C652B1DC616008C3DDC /* Sources */ = {
			isa = PBXSourcesBuildPhase;
			buildActionMask = 2147483647;
			files = (
				6E758C6E2B1DC616008C3DDC /* LetsGoTests.swift in Sources */,
			);
			runOnlyForDeploymentPostprocessing = 0;
		};
		6E758C6F2B1DC616008C3DDC /* Sources */ = {
			isa = PBXSourcesBuildPhase;
			buildActionMask = 2147483647;
			files = (
				6E758C7A2B1DC616008C3DDC /* LetsGoUITestsLaunchTests.swift in Sources */,
				6E758C782B1DC616008C3DDC /* LetsGoUITests.swift in Sources */,
			);
			runOnlyForDeploymentPostprocessing = 0;
		};
/* End PBXSourcesBuildPhase section */

/* Begin PBXTargetDependency section */
		6E758C6B2B1DC616008C3DDC /* PBXTargetDependency */ = {
			isa = PBXTargetDependency;
			target = 6E758C4F2B1DC615008C3DDC /* LetsGo */;
			targetProxy = 6E758C6A2B1DC616008C3DDC /* PBXContainerItemProxy */;
		};
		6E758C752B1DC616008C3DDC /* PBXTargetDependency */ = {
			isa = PBXTargetDependency;
			target = 6E758C4F2B1DC615008C3DDC /* LetsGo */;
			targetProxy = 6E758C742B1DC616008C3DDC /* PBXContainerItemProxy */;
		};
/* End PBXTargetDependency section */

/* Begin PBXVariantGroup section */
		6E758C592B1DC615008C3DDC /* Main.storyboard */ = {
			isa = PBXVariantGroup;
			children = (
				6E758C5A2B1DC615008C3DDC /* Base */,
			);
			name = Main.storyboard;
			sourceTree = "<group>";
		};
		6E758C612B1DC616008C3DDC /* LaunchScreen.storyboard */ = {
			isa = PBXVariantGroup;
			children = (
				6E758C622B1DC616008C3DDC /* Base */,
			);
			name = LaunchScreen.storyboard;
			sourceTree = "<group>";
		};
/* End PBXVariantGroup section */

/* Begin XCBuildConfiguration section */
		6E758C7B2B1DC616008C3DDC /* Debug */ = {
			isa = XCBuildConfiguration;
			buildSettings = {
				ALWAYS_SEARCH_USER_PATHS = NO;
				ASSETCATALOG_COMPILER_GENERATE_SWIFT_ASSET_SYMBOL_EXTENSIONS = YES;
				CLANG_ANALYZER_NONNULL = YES;
				CLANG_ANALYZER_NUMBER_OBJECT_CONVERSION = YES_AGGRESSIVE;
				CLANG_CXX_LANGUAGE_STANDARD = "gnu++20";
				CLANG_ENABLE_MODULES = YES;
				CLANG_ENABLE_OBJC_ARC = YES;
				CLANG_ENABLE_OBJC_WEAK = YES;
				CLANG_WARN_BLOCK_CAPTURE_AUTORELEASING = YES;
				CLANG_WARN_BOOL_CONVERSION = YES;
				CLANG_WARN_COMMA = YES;
				CLANG_WARN_CONSTANT_CONVERSION = YES;
				CLANG_WARN_DEPRECATED_OBJC_IMPLEMENTATIONS = YES;
				CLANG_WARN_DIRECT_OBJC_ISA_USAGE = YES_ERROR;
				CLANG_WARN_DOCUMENTATION_COMMENTS = YES;
				CLANG_WARN_EMPTY_BODY = YES;
				CLANG_WARN_ENUM_CONVERSION = YES;
				CLANG_WARN_INFINITE_RECURSION = YES;
				CLANG_WARN_INT_CONVERSION = YES;
				CLANG_WARN_NON_LITERAL_NULL_CONVERSION = YES;
				CLANG_WARN_OBJC_IMPLICIT_RETAIN_SELF = YES;
				CLANG_WARN_OBJC_LITERAL_CONVERSION = YES;
				CLANG_WARN_OBJC_ROOT_CLASS = YES_ERROR;
				CLANG_WARN_QUOTED_INCLUDE_IN_FRAMEWORK_HEADER = YES;
				CLANG_WARN_RANGE_LOOP_ANALYSIS = YES;
				CLANG_WARN_STRICT_PROTOTYPES = YES;
				CLANG_WARN_SUSPICIOUS_MOVE = YES;
				CLANG_WARN_UNGUARDED_AVAILABILITY = YES_AGGRESSIVE;
				CLANG_WARN_UNREACHABLE_CODE = YES;
				CLANG_WARN__DUPLICATE_METHOD_MATCH = YES;
				COPY_PHASE_STRIP = NO;
				DEBUG_INFORMATION_FORMAT = dwarf;
				ENABLE_STRICT_OBJC_MSGSEND = YES;
				ENABLE_TESTABILITY = YES;
				ENABLE_USER_SCRIPT_SANDBOXING = YES;
				GCC_C_LANGUAGE_STANDARD = gnu17;
				GCC_DYNAMIC_NO_PIC = NO;
				GCC_NO_COMMON_BLOCKS = YES;
				GCC_OPTIMIZATION_LEVEL = 0;
				GCC_PREPROCESSOR_DEFINITIONS = (
					"DEBUG=1",
					"$(inherited)",
				);
				GCC_WARN_64_TO_32_BIT_CONVERSION = YES;
				GCC_WARN_ABOUT_RETURN_TYPE = YES_ERROR;
				GCC_WARN_UNDECLARED_SELECTOR = YES;
				GCC_WARN_UNINITIALIZED_AUTOS = YES_AGGRESSIVE;
				GCC_WARN_UNUSED_FUNCTION = YES;
				GCC_WARN_UNUSED_VARIABLE = YES;
				IPHONEOS_DEPLOYMENT_TARGET = 17.0;
				LOCALIZATION_PREFERS_STRING_CATALOGS = YES;
				MTL_ENABLE_DEBUG_INFO = INCLUDE_SOURCE;
				MTL_FAST_MATH = YES;
				ONLY_ACTIVE_ARCH = YES;
				SDKROOT = iphoneos;
				SWIFT_ACTIVE_COMPILATION_CONDITIONS = "DEBUG $(inherited)";
				SWIFT_OPTIMIZATION_LEVEL = "-Onone";
			};
			name = Debug;
		};
		6E758C7C2B1DC616008C3DDC /* Release */ = {
			isa = XCBuildConfiguration;
			buildSettings = {
				ALWAYS_SEARCH_USER_PATHS = NO;
				ASSETCATALOG_COMPILER_GENERATE_SWIFT_ASSET_SYMBOL_EXTENSIONS = YES;
				CLANG_ANALYZER_NONNULL = YES;
				CLANG_ANALYZER_NUMBER_OBJECT_CONVERSION = YES_AGGRESSIVE;
				CLANG_CXX_LANGUAGE_STANDARD = "gnu++20";
				CLANG_ENABLE_MODULES = YES;
				CLANG_ENABLE_OBJC_ARC = YES;
				CLANG_ENABLE_OBJC_WEAK = YES;
				CLANG_WARN_BLOCK_CAPTURE_AUTORELEASING = YES;
				CLANG_WARN_BOOL_CONVERSION = YES;
				CLANG_WARN_COMMA = YES;
				CLANG_WARN_CONSTANT_CONVERSION = YES;
				CLANG_WARN_DEPRECATED_OBJC_IMPLEMENTATIONS = YES;
				CLANG_WARN_DIRECT_OBJC_ISA_USAGE = YES_ERROR;
				CLANG_WARN_DOCUMENTATION_COMMENTS = YES;
				CLANG_WARN_EMPTY_BODY = YES;
				CLANG_WARN_ENUM_CONVERSION = YES;
				CLANG_WARN_INFINITE_RECURSION = YES;
				CLANG_WARN_INT_CONVERSION = YES;
				CLANG_WARN_NON_LITERAL_NULL_CONVERSION = YES;
				CLANG_WARN_OBJC_IMPLICIT_RETAIN_SELF = YES;
				CLANG_WARN_OBJC_LITERAL_CONVERSION = YES;
				CLANG_WARN_OBJC_ROOT_CLASS = YES_ERROR;
				CLANG_WARN_QUOTED_INCLUDE_IN_FRAMEWORK_HEADER = YES;
				CLANG_WARN_RANGE_LOOP_ANALYSIS = YES;
				CLANG_WARN_STRICT_PROTOTYPES = YES;
				CLANG_WARN_SUSPICIOUS_MOVE = YES;
				CLANG_WARN_UNGUARDED_AVAILABILITY = YES_AGGRESSIVE;
				CLANG_WARN_UNREACHABLE_CODE = YES;
				CLANG_WARN__DUPLICATE_METHOD_MATCH = YES;
				COPY_PHASE_STRIP = NO;
				DEBUG_INFORMATION_FORMAT = "dwarf-with-dsym";
				ENABLE_NS_ASSERTIONS = NO;
				ENABLE_STRICT_OBJC_MSGSEND = YES;
				ENABLE_USER_SCRIPT_SANDBOXING = YES;
				GCC_C_LANGUAGE_STANDARD = gnu17;
				GCC_NO_COMMON_BLOCKS = YES;
				GCC_WARN_64_TO_32_BIT_CONVERSION = YES;
				GCC_WARN_ABOUT_RETURN_TYPE = YES_ERROR;
				GCC_WARN_UNDECLARED_SELECTOR = YES;
				GCC_WARN_UNINITIALIZED_AUTOS = YES_AGGRESSIVE;
				GCC_WARN_UNUSED_FUNCTION = YES;
				GCC_WARN_UNUSED_VARIABLE = YES;
				IPHONEOS_DEPLOYMENT_TARGET = 17.0;
				LOCALIZATION_PREFERS_STRING_CATALOGS = YES;
				MTL_ENABLE_DEBUG_INFO = NO;
				MTL_FAST_MATH = YES;
				SDKROOT = iphoneos;
				SWIFT_COMPILATION_MODE = wholemodule;
				VALIDATE_PRODUCT = YES;
			};
			name = Release;
		};
		6E758C7E2B1DC616008C3DDC /* Debug */ = {
			isa = XCBuildConfiguration;
			buildSettings = {
				ASSETCATALOG_COMPILER_APPICON_NAME = AppIcon;
				ASSETCATALOG_COMPILER_GLOBAL_ACCENT_COLOR_NAME = AccentColor;
				CODE_SIGN_STYLE = Automatic;
				CURRENT_PROJECT_VERSION = 1;
				DEVELOPMENT_TEAM = 7YM75J8UJJ;
				GENERATE_INFOPLIST_FILE = YES;
				INFOPLIST_FILE = LetsGo/Info.plist;
				INFOPLIST_KEY_UIApplicationSupportsIndirectInputEvents = YES;
				INFOPLIST_KEY_UILaunchStoryboardName = LaunchScreen;
				INFOPLIST_KEY_UIMainStoryboardFile = Main;
				INFOPLIST_KEY_UISupportedInterfaceOrientations_iPad = "UIInterfaceOrientationPortrait UIInterfaceOrientationPortraitUpsideDown UIInterfaceOrientationLandscapeLeft UIInterfaceOrientationLandscapeRight";
				INFOPLIST_KEY_UISupportedInterfaceOrientations_iPhone = "UIInterfaceOrientationPortrait UIInterfaceOrientationLandscapeLeft UIInterfaceOrientationLandscapeRight";
				LD_RUNPATH_SEARCH_PATHS = (
					"$(inherited)",
					"@executable_path/Frameworks",
				);
				MARKETING_VERSION = 1.0;
				PRODUCT_BUNDLE_IDENTIFIER = com.CY.LetsGo;
				PRODUCT_NAME = "$(TARGET_NAME)";
				SWIFT_EMIT_LOC_STRINGS = YES;
				SWIFT_VERSION = 5.0;
				TARGETED_DEVICE_FAMILY = "1,2";
			};
			name = Debug;
		};
		6E758C7F2B1DC616008C3DDC /* Release */ = {
			isa = XCBuildConfiguration;
			buildSettings = {
				ASSETCATALOG_COMPILER_APPICON_NAME = AppIcon;
				ASSETCATALOG_COMPILER_GLOBAL_ACCENT_COLOR_NAME = AccentColor;
				CODE_SIGN_STYLE = Automatic;
				CURRENT_PROJECT_VERSION = 1;
				DEVELOPMENT_TEAM = 7YM75J8UJJ;
				GENERATE_INFOPLIST_FILE = YES;
				INFOPLIST_FILE = LetsGo/Info.plist;
				INFOPLIST_KEY_UIApplicationSupportsIndirectInputEvents = YES;
				INFOPLIST_KEY_UILaunchStoryboardName = LaunchScreen;
				INFOPLIST_KEY_UIMainStoryboardFile = Main;
				INFOPLIST_KEY_UISupportedInterfaceOrientations_iPad = "UIInterfaceOrientationPortrait UIInterfaceOrientationPortraitUpsideDown UIInterfaceOrientationLandscapeLeft UIInterfaceOrientationLandscapeRight";
				INFOPLIST_KEY_UISupportedInterfaceOrientations_iPhone = "UIInterfaceOrientationPortrait UIInterfaceOrientationLandscapeLeft UIInterfaceOrientationLandscapeRight";
				LD_RUNPATH_SEARCH_PATHS = (
					"$(inherited)",
					"@executable_path/Frameworks",
				);
				MARKETING_VERSION = 1.0;
				PRODUCT_BUNDLE_IDENTIFIER = com.CY.LetsGo;
				PRODUCT_NAME = "$(TARGET_NAME)";
				SWIFT_EMIT_LOC_STRINGS = YES;
				SWIFT_VERSION = 5.0;
				TARGETED_DEVICE_FAMILY = "1,2";
			};
			name = Release;
		};
		6E758C812B1DC616008C3DDC /* Debug */ = {
			isa = XCBuildConfiguration;
			buildSettings = {
				ALWAYS_EMBED_SWIFT_STANDARD_LIBRARIES = YES;
				BUNDLE_LOADER = "$(TEST_HOST)";
				CODE_SIGN_STYLE = Automatic;
				CURRENT_PROJECT_VERSION = 1;
				DEVELOPMENT_TEAM = 7YM75J8UJJ;
				GENERATE_INFOPLIST_FILE = YES;
				IPHONEOS_DEPLOYMENT_TARGET = 17.0;
				MARKETING_VERSION = 1.0;
				PRODUCT_BUNDLE_IDENTIFIER = com.CY.LetsGoTests;
				PRODUCT_NAME = "$(TARGET_NAME)";
				SWIFT_EMIT_LOC_STRINGS = NO;
				SWIFT_VERSION = 5.0;
				TARGETED_DEVICE_FAMILY = "1,2";
				TEST_HOST = "$(BUILT_PRODUCTS_DIR)/LetsGo.app/$(BUNDLE_EXECUTABLE_FOLDER_PATH)/LetsGo";
			};
			name = Debug;
		};
		6E758C822B1DC616008C3DDC /* Release */ = {
			isa = XCBuildConfiguration;
			buildSettings = {
				ALWAYS_EMBED_SWIFT_STANDARD_LIBRARIES = YES;
				BUNDLE_LOADER = "$(TEST_HOST)";
				CODE_SIGN_STYLE = Automatic;
				CURRENT_PROJECT_VERSION = 1;
				DEVELOPMENT_TEAM = 7YM75J8UJJ;
				GENERATE_INFOPLIST_FILE = YES;
				IPHONEOS_DEPLOYMENT_TARGET = 17.0;
				MARKETING_VERSION = 1.0;
				PRODUCT_BUNDLE_IDENTIFIER = com.CY.LetsGoTests;
				PRODUCT_NAME = "$(TARGET_NAME)";
				SWIFT_EMIT_LOC_STRINGS = NO;
				SWIFT_VERSION = 5.0;
				TARGETED_DEVICE_FAMILY = "1,2";
				TEST_HOST = "$(BUILT_PRODUCTS_DIR)/LetsGo.app/$(BUNDLE_EXECUTABLE_FOLDER_PATH)/LetsGo";
			};
			name = Release;
		};
		6E758C842B1DC616008C3DDC /* Debug */ = {
			isa = XCBuildConfiguration;
			buildSettings = {
				ALWAYS_EMBED_SWIFT_STANDARD_LIBRARIES = YES;
				CODE_SIGN_STYLE = Automatic;
				CURRENT_PROJECT_VERSION = 1;
				DEVELOPMENT_TEAM = 7YM75J8UJJ;
				GENERATE_INFOPLIST_FILE = YES;
				MARKETING_VERSION = 1.0;
				PRODUCT_BUNDLE_IDENTIFIER = com.CY.LetsGoUITests;
				PRODUCT_NAME = "$(TARGET_NAME)";
				SWIFT_EMIT_LOC_STRINGS = NO;
				SWIFT_VERSION = 5.0;
				TARGETED_DEVICE_FAMILY = "1,2";
				TEST_TARGET_NAME = LetsGo;
			};
			name = Debug;
		};
		6E758C852B1DC616008C3DDC /* Release */ = {
			isa = XCBuildConfiguration;
			buildSettings = {
				ALWAYS_EMBED_SWIFT_STANDARD_LIBRARIES = YES;
				CODE_SIGN_STYLE = Automatic;
				CURRENT_PROJECT_VERSION = 1;
				DEVELOPMENT_TEAM = 7YM75J8UJJ;
				GENERATE_INFOPLIST_FILE = YES;
				MARKETING_VERSION = 1.0;
				PRODUCT_BUNDLE_IDENTIFIER = com.CY.LetsGoUITests;
				PRODUCT_NAME = "$(TARGET_NAME)";
				SWIFT_EMIT_LOC_STRINGS = NO;
				SWIFT_VERSION = 5.0;
				TARGETED_DEVICE_FAMILY = "1,2";
				TEST_TARGET_NAME = LetsGo;
			};
			name = Release;
		};
/* End XCBuildConfiguration section */

/* Begin XCConfigurationList section */
		6E758C4B2B1DC615008C3DDC /* Build configuration list for PBXProject "LetsGo" */ = {
			isa = XCConfigurationList;
			buildConfigurations = (
				6E758C7B2B1DC616008C3DDC /* Debug */,
				6E758C7C2B1DC616008C3DDC /* Release */,
			);
			defaultConfigurationIsVisible = 0;
			defaultConfigurationName = Release;
		};
		6E758C7D2B1DC616008C3DDC /* Build configuration list for PBXNativeTarget "LetsGo" */ = {
			isa = XCConfigurationList;
			buildConfigurations = (
				6E758C7E2B1DC616008C3DDC /* Debug */,
				6E758C7F2B1DC616008C3DDC /* Release */,
			);
			defaultConfigurationIsVisible = 0;
			defaultConfigurationName = Release;
		};
		6E758C802B1DC616008C3DDC /* Build configuration list for PBXNativeTarget "LetsGoTests" */ = {
			isa = XCConfigurationList;
			buildConfigurations = (
				6E758C812B1DC616008C3DDC /* Debug */,
				6E758C822B1DC616008C3DDC /* Release */,
			);
			defaultConfigurationIsVisible = 0;
			defaultConfigurationName = Release;
		};
		6E758C832B1DC616008C3DDC /* Build configuration list for PBXNativeTarget "LetsGoUITests" */ = {
			isa = XCConfigurationList;
			buildConfigurations = (
				6E758C842B1DC616008C3DDC /* Debug */,
				6E758C852B1DC616008C3DDC /* Release */,
			);
			defaultConfigurationIsVisible = 0;
			defaultConfigurationName = Release;
		};
/* End XCConfigurationList section */

/* Begin XCVersionGroup section */
		6E758C5C2B1DC615008C3DDC /* LetsGo.xcdatamodeld */ = {
			isa = XCVersionGroup;
			children = (
				6E758C5D2B1DC615008C3DDC /* LetsGo.xcdatamodel */,
			);
			currentVersion = 6E758C5D2B1DC615008C3DDC /* LetsGo.xcdatamodel */;
			path = LetsGo.xcdatamodeld;
			sourceTree = "<group>";
			versionGroupType = wrapper.xcdatamodel;
		};
/* End XCVersionGroup section */
	};
	rootObject = 6E758C482B1DC615008C3DDC /* Project object */;
}
